// !$*UTF8*$!
{
	archiveVersion = 1;
	classes = {
	};
	objectVersion = 56;
	objects = {

/* Begin PBXBuildFile section */
		2AA00B70F738E5448EEE62F6 /* libPods-Timer.a in Frameworks */ = {isa = PBXBuildFile; fileRef = AC6ACFEAC2360161ED934E08 /* libPods-Timer.a */; };
		E8049DA42B88FA070016E878 /* TMBatteryLevelView.swift in Sources */ = {isa = PBXBuildFile; fileRef = E8049DA32B88FA070016E878 /* TMBatteryLevelView.swift */; };
		E8129D222B8D9B2200F2CB3F /* launch_icon.png in Resources */ = {isa = PBXBuildFile; fileRef = E8129D212B8D9B2200F2CB3F /* launch_icon.png */; };
		E8129D242B8DC3EB00F2CB3F /* TMMainVcItem.swift in Sources */ = {isa = PBXBuildFile; fileRef = E8129D232B8DC3EB00F2CB3F /* TMMainVcItem.swift */; };
		E8129D262B8DC49D00F2CB3F /* TMMainBottomCell.swift in Sources */ = {isa = PBXBuildFile; fileRef = E8129D252B8DC49D00F2CB3F /* TMMainBottomCell.swift */; };
		E8153BE42B85A42F00D74130 /* TMTimerRunManager.swift in Sources */ = {isa = PBXBuildFile; fileRef = E8153BE32B85A42F00D74130 /* TMTimerRunManager.swift */; };
		E8153BE82B85AA4F00D74130 /* TMTimer.ttf in Resources */ = {isa = PBXBuildFile; fileRef = E8153BE72B85AA4F00D74130 /* TMTimer.ttf */; };
		E8153BEB2B85AC6900D74130 /* String+Category.swift in Sources */ = {isa = PBXBuildFile; fileRef = E8153BEA2B85AC6900D74130 /* String+Category.swift */; };
		E81820F12B45B8260022368D /* AppDelegate.swift in Sources */ = {isa = PBXBuildFile; fileRef = E81820F02B45B8260022368D /* AppDelegate.swift */; };
		E81820F82B45B8260022368D /* Main.storyboard in Resources */ = {isa = PBXBuildFile; fileRef = E81820F62B45B8260022368D /* Main.storyboard */; };
		E81820FA2B45B8270022368D /* Assets.xcassets in Resources */ = {isa = PBXBuildFile; fileRef = E81820F92B45B8270022368D /* Assets.xcassets */; };
		E81820FD2B45B8270022368D /* LaunchScreen.storyboard in Resources */ = {isa = PBXBuildFile; fileRef = E81820FB2B45B8270022368D /* LaunchScreen.storyboard */; };
		E81821272B45B89A0022368D /* WidgetKit.framework in Frameworks */ = {isa = PBXBuildFile; fileRef = E81821262B45B89A0022368D /* WidgetKit.framework */; };
		E81821292B45B89A0022368D /* SwiftUI.framework in Frameworks */ = {isa = PBXBuildFile; fileRef = E81821282B45B89A0022368D /* SwiftUI.framework */; };
		E818212C2B45B89A0022368D /* MTLiveWidgetBundle.swift in Sources */ = {isa = PBXBuildFile; fileRef = E818212B2B45B89A0022368D /* MTLiveWidgetBundle.swift */; };
		E818212E2B45B89A0022368D /* MTLiveAndLockWidget.swift in Sources */ = {isa = PBXBuildFile; fileRef = E818212D2B45B89A0022368D /* MTLiveAndLockWidget.swift */; };
		E81821302B45B89A0022368D /* MTUniversalWidget.swift in Sources */ = {isa = PBXBuildFile; fileRef = E818212F2B45B89A0022368D /* MTUniversalWidget.swift */; };
		E81821322B45B89B0022368D /* Assets.xcassets in Resources */ = {isa = PBXBuildFile; fileRef = E81821312B45B89B0022368D /* Assets.xcassets */; };
		E81821362B45B89B0022368D /* MTLiveWidgetExtension.appex in Embed Foundation Extensions */ = {isa = PBXBuildFile; fileRef = E81821242B45B89A0022368D /* MTLiveWidgetExtension.appex */; settings = {ATTRIBUTES = (RemoveHeadersOnCopy, ); }; };
		E818213C2B45B8B30022368D /* TMTimerManager.swift in Sources */ = {isa = PBXBuildFile; fileRef = E818213B2B45B8B30022368D /* TMTimerManager.swift */; };
		E818213D2B45B8B30022368D /* TMTimerManager.swift in Sources */ = {isa = PBXBuildFile; fileRef = E818213B2B45B8B30022368D /* TMTimerManager.swift */; };
		E818213F2B45BAFA0022368D /* MTLiveAndLockWidget.swift in Sources */ = {isa = PBXBuildFile; fileRef = E818212D2B45B89A0022368D /* MTLiveAndLockWidget.swift */; };
		E828B3F52B90CB330015BCDA /* TMTimerViewController.swift in Sources */ = {isa = PBXBuildFile; fileRef = E828B3F42B90CB330015BCDA /* TMTimerViewController.swift */; };
		E828B3F72B90CEA90015BCDA /* TMTimerContentView.swift in Sources */ = {isa = PBXBuildFile; fileRef = E828B3F62B90CEA90015BCDA /* TMTimerContentView.swift */; };
		E83EDB4A2B8A332700AF1492 /* TMClockClockViewController.swift in Sources */ = {isa = PBXBuildFile; fileRef = E83EDB492B8A332700AF1492 /* TMClockClockViewController.swift */; };
		E83EDB4C2B8A338B00AF1492 /* TMClockClockView.swift in Sources */ = {isa = PBXBuildFile; fileRef = E83EDB4B2B8A338B00AF1492 /* TMClockClockView.swift */; };
		E83EDB4E2B8A4E9E00AF1492 /* TMClockTimeView.swift in Sources */ = {isa = PBXBuildFile; fileRef = E83EDB4D2B8A4E9E00AF1492 /* TMClockTimeView.swift */; };
		E8527D672B87418B00CCD428 /* TMBWBaseView.swift in Sources */ = {isa = PBXBuildFile; fileRef = E8527D662B87418B00CCD428 /* TMBWBaseView.swift */; };
		E856267A2B86DE9F00053DB9 /* TMWidgetTimer.ttf in Resources */ = {isa = PBXBuildFile; fileRef = E85626792B86DE9F00053DB9 /* TMWidgetTimer.ttf */; };
		E856267B2B86E24400053DB9 /* TMWidgetTimer.ttf in Resources */ = {isa = PBXBuildFile; fileRef = E85626792B86DE9F00053DB9 /* TMWidgetTimer.ttf */; };
		E85626802B86E29C00053DB9 /* TMNeonClockViewController.swift in Sources */ = {isa = PBXBuildFile; fileRef = E856267D2B86E29C00053DB9 /* TMNeonClockViewController.swift */; };
		E85626812B86E29C00053DB9 /* TMBWClockViewController.swift in Sources */ = {isa = PBXBuildFile; fileRef = E856267F2B86E29C00053DB9 /* TMBWClockViewController.swift */; };
		E85626832B86E2B800053DB9 /* TMNeonClockView.swift in Sources */ = {isa = PBXBuildFile; fileRef = E85626822B86E2B800053DB9 /* TMNeonClockView.swift */; };
		E85626852B86E41800053DB9 /* TMNeonTextFieldView.swift in Sources */ = {isa = PBXBuildFile; fileRef = E85626842B86E41800053DB9 /* TMNeonTextFieldView.swift */; };
		E85626882B86E75A00053DB9 /* InfoPlist.strings in Resources */ = {isa = PBXBuildFile; fileRef = E856268A2B86E75A00053DB9 /* InfoPlist.strings */; };
		E856268F2B86E7DD00053DB9 /* Localizable.strings in Resources */ = {isa = PBXBuildFile; fileRef = E85626912B86E7DD00053DB9 /* Localizable.strings */; };
		E85626952B871B4900053DB9 /* TMNeonIconView.swift in Sources */ = {isa = PBXBuildFile; fileRef = E85626942B871B4900053DB9 /* TMNeonIconView.swift */; };
		E8579C9C2B46CD4C00DCE5E8 /* Main.storyboard in Resources */ = {isa = PBXBuildFile; fileRef = E81820F62B45B8260022368D /* Main.storyboard */; };
		E863F0972B936D6E00FA87C9 /* TMSoundManager.swift in Sources */ = {isa = PBXBuildFile; fileRef = E863F0962B936D6E00FA87C9 /* TMSoundManager.swift */; };
		E863F09A2B93701200FA87C9 /* AudioToolbox.framework in Frameworks */ = {isa = PBXBuildFile; fileRef = E863F0992B93701200FA87C9 /* AudioToolbox.framework */; };
		E863F0A52B93774600FA87C9 /* pointer.wav in Resources */ = {isa = PBXBuildFile; fileRef = E863F09D2B93774600FA87C9 /* pointer.wav */; };
		E863F0A62B93774600FA87C9 /* flip.wav in Resources */ = {isa = PBXBuildFile; fileRef = E863F09E2B93774600FA87C9 /* flip.wav */; };
		E863F0A72B93774600FA87C9 /* neon.wav in Resources */ = {isa = PBXBuildFile; fileRef = E863F09F2B93774600FA87C9 /* neon.wav */; };
		E863F0A82B93774600FA87C9 /* kasakii.power.off.wav in Resources */ = {isa = PBXBuildFile; fileRef = E863F0A02B93774600FA87C9 /* kasakii.power.off.wav */; };
		E863F0A92B93774600FA87C9 /* nixie.wav in Resources */ = {isa = PBXBuildFile; fileRef = E863F0A12B93774600FA87C9 /* nixie.wav */; };
		E863F0AA2B93774600FA87C9 /* slim.wav in Resources */ = {isa = PBXBuildFile; fileRef = E863F0A22B93774600FA87C9 /* slim.wav */; };
		E863F0AB2B93774600FA87C9 /* dida.wav in Resources */ = {isa = PBXBuildFile; fileRef = E863F0A32B93774600FA87C9 /* dida.wav */; };
		E863F0AC2B93774600FA87C9 /* digit.wav in Resources */ = {isa = PBXBuildFile; fileRef = E863F0A42B93774600FA87C9 /* digit.wav */; };
		E876ABFA2B95D9010079A5DA /* TMLoading.swift in Sources */ = {isa = PBXBuildFile; fileRef = E876ABF92B95D9010079A5DA /* TMLoading.swift */; };
		E8790B972B8A211100B58804 /* TMShadowClockViewController.swift in Sources */ = {isa = PBXBuildFile; fileRef = E8790B962B8A211100B58804 /* TMShadowClockViewController.swift */; };
		E8790B992B8A21F900B58804 /* TMShadowBaseView.swift in Sources */ = {isa = PBXBuildFile; fileRef = E8790B982B8A21F900B58804 /* TMShadowBaseView.swift */; };
		E8822EFF2B85D11E00471E5A /* Date+Category.swift in Sources */ = {isa = PBXBuildFile; fileRef = E8822EFE2B85D11E00471E5A /* Date+Category.swift */; };
		E889093F2B8D780800714237 /* TMElectronViewController.swift in Sources */ = {isa = PBXBuildFile; fileRef = E889093E2B8D780800714237 /* TMElectronViewController.swift */; };
		E88909412B8D785200714237 /* TMElectronView.swift in Sources */ = {isa = PBXBuildFile; fileRef = E88909402B8D785200714237 /* TMElectronView.swift */; };
		E88909432B8D7F7700714237 /* DS-Digital-Bold.ttf in Resources */ = {isa = PBXBuildFile; fileRef = E88909422B8D7F7700714237 /* DS-Digital-Bold.ttf */; };
		E88909452B8D8D2000714237 /* LaunchViewController.swift in Sources */ = {isa = PBXBuildFile; fileRef = E88909442B8D8D2000714237 /* LaunchViewController.swift */; };
		E88909492B8D916A00714237 /* launch_white.png in Resources */ = {isa = PBXBuildFile; fileRef = E88909482B8D916A00714237 /* launch_white.png */; };
		E88ECBD52B8C912F0025F121 /* iconfont-8bit-front-Regular.ttf in Resources */ = {isa = PBXBuildFile; fileRef = E88ECBD42B8C912F0025F121 /* iconfont-8bit-front-Regular.ttf */; };
		E88ED3552B8850370075707F /* DigitaldreamSkewNarrow.ttf in Resources */ = {isa = PBXBuildFile; fileRef = E88ED3542B8850370075707F /* DigitaldreamSkewNarrow.ttf */; };
		E88ED35B2B88818C0075707F /* TMBlockClockViewController.swift in Sources */ = {isa = PBXBuildFile; fileRef = E88ED35A2B88818C0075707F /* TMBlockClockViewController.swift */; };
		E88ED35D2B88920C0075707F /* TMBlockClockView.swift in Sources */ = {isa = PBXBuildFile; fileRef = E88ED35C2B88920C0075707F /* TMBlockClockView.swift */; };
		E89C068F2B872F4D00E6106F /* TMBaseView.swift in Sources */ = {isa = PBXBuildFile; fileRef = E89C068E2B872F4D00E6106F /* TMBaseView.swift */; };
		E8A095352B8C6836004EE16D /* TMMainBottomView.swift in Sources */ = {isa = PBXBuildFile; fileRef = E8A095342B8C6836004EE16D /* TMMainBottomView.swift */; };
		E8A56F302B9448B20083D9B8 /* TMStoreManager.swift in Sources */ = {isa = PBXBuildFile; fileRef = E8A56F2F2B9448B20083D9B8 /* TMStoreManager.swift */; };
		E8A56F322B947FBB0083D9B8 /* TMUnlockBannerView.swift in Sources */ = {isa = PBXBuildFile; fileRef = E8A56F312B947FBB0083D9B8 /* TMUnlockBannerView.swift */; };
		E8A56F352B9481390083D9B8 /* TMHeartViewController.swift in Sources */ = {isa = PBXBuildFile; fileRef = E8A56F342B9481390083D9B8 /* TMHeartViewController.swift */; };
		E8A56F372B9481C70083D9B8 /* TMHeartContentView.swift in Sources */ = {isa = PBXBuildFile; fileRef = E8A56F362B9481C70083D9B8 /* TMHeartContentView.swift */; };
		E8B635C52B8F0E6500D549DC /* UIColor+Category.swift in Sources */ = {isa = PBXBuildFile; fileRef = E8B635C42B8F0E6500D549DC /* UIColor+Category.swift */; };
		E8B635C82B8F28FD00D549DC /* TMImpactManager.swift in Sources */ = {isa = PBXBuildFile; fileRef = E8B635C72B8F28FD00D549DC /* TMImpactManager.swift */; };
		E8C7CD7F2B85FCC800A87087 /* TMMontionManager.swift in Sources */ = {isa = PBXBuildFile; fileRef = E8C7CD7E2B85FCC800A87087 /* TMMontionManager.swift */; };
		E8C7CD812B85FD8300A87087 /* TMDelegateManager.swift in Sources */ = {isa = PBXBuildFile; fileRef = E8C7CD802B85FD8300A87087 /* TMDelegateManager.swift */; };
		E8D9CF432B9247420020DB0B /* TMClockClock2ViewController.swift in Sources */ = {isa = PBXBuildFile; fileRef = E8D9CF422B9247420020DB0B /* TMClockClock2ViewController.swift */; };
		E8D9CF452B9247850020DB0B /* TMClockClock2View.swift in Sources */ = {isa = PBXBuildFile; fileRef = E8D9CF442B9247850020DB0B /* TMClockClock2View.swift */; };
		E8E8691C2B8DE94500D8C627 /* LEGOHighlightButton.swift in Sources */ = {isa = PBXBuildFile; fileRef = E8E8691B2B8DE94500D8C627 /* LEGOHighlightButton.swift */; };
		E8E8691E2B8DFF2200D8C627 /* TMMainSettingView.swift in Sources */ = {isa = PBXBuildFile; fileRef = E8E8691D2B8DFF2200D8C627 /* TMMainSettingView.swift */; };
		E8F3AE6F2B85933900B374F1 /* TMBaseViewController.swift in Sources */ = {isa = PBXBuildFile; fileRef = E8F3AE6E2B85933900B374F1 /* TMBaseViewController.swift */; };
		E8F3AE712B85934900B374F1 /* TMMainViewController.swift in Sources */ = {isa = PBXBuildFile; fileRef = E8F3AE702B85934900B374F1 /* TMMainViewController.swift */; };
		E8F3AE732B8596CA00B374F1 /* TMConfigPrefix.swift in Sources */ = {isa = PBXBuildFile; fileRef = E8F3AE722B8596CA00B374F1 /* TMConfigPrefix.swift */; };
		E8F3AE752B85976400B374F1 /* TMBasePageViewController.swift in Sources */ = {isa = PBXBuildFile; fileRef = E8F3AE742B85976400B374F1 /* TMBasePageViewController.swift */; };
		E8F420DC2B8B6212001F20EF /* TMPageMenuView.swift in Sources */ = {isa = PBXBuildFile; fileRef = E8F420DB2B8B6212001F20EF /* TMPageMenuView.swift */; };
		E8F8086C2B98566B0044689D /* StoreKit.framework in Frameworks */ = {isa = PBXBuildFile; fileRef = E8F8086B2B98566B0044689D /* StoreKit.framework */; };
		E8F8086F2B9896F80044689D /* FlipClock.ttf in Resources */ = {isa = PBXBuildFile; fileRef = E8F8086E2B9896F80044689D /* FlipClock.ttf */; };
		E8F808722B9898070044689D /* TMFlipViewController.swift in Sources */ = {isa = PBXBuildFile; fileRef = E8F808712B9898070044689D /* TMFlipViewController.swift */; };
		E8F808742B9898FC0044689D /* TMFlipBaseView.swift in Sources */ = {isa = PBXBuildFile; fileRef = E8F808732B9898FC0044689D /* TMFlipBaseView.swift */; };
		E8F808762B989A800044689D /* TMBaseEnum.swift in Sources */ = {isa = PBXBuildFile; fileRef = E8F808752B989A800044689D /* TMBaseEnum.swift */; };
/* End PBXBuildFile section */

/* Begin PBXContainerItemProxy section */
		E81821342B45B89B0022368D /* PBXContainerItemProxy */ = {
			isa = PBXContainerItemProxy;
			containerPortal = E81820E52B45B8260022368D /* Project object */;
			proxyType = 1;
			remoteGlobalIDString = E81821232B45B89A0022368D;
			remoteInfo = MTLiveWidgetExtension;
		};
/* End PBXContainerItemProxy section */

/* Begin PBXCopyFilesBuildPhase section */
		E818213A2B45B89B0022368D /* Embed Foundation Extensions */ = {
			isa = PBXCopyFilesBuildPhase;
			buildActionMask = 2147483647;
			dstPath = "";
			dstSubfolderSpec = 13;
			files = (
				E81821362B45B89B0022368D /* MTLiveWidgetExtension.appex in Embed Foundation Extensions */,
			);
			name = "Embed Foundation Extensions";
			runOnlyForDeploymentPostprocessing = 0;
		};
/* End PBXCopyFilesBuildPhase section */

/* Begin PBXFileReference section */
		48AD81F4A9DD813C4847ECF9 /* Pods-Timer.debug.xcconfig */ = {isa = PBXFileReference; includeInIndex = 1; lastKnownFileType = text.xcconfig; name = "Pods-Timer.debug.xcconfig"; path = "Target Support Files/Pods-Timer/Pods-Timer.debug.xcconfig"; sourceTree = "<group>"; };
		81778ED9ED8BC79E83D9FBCD /* Pods-Timer.release.xcconfig */ = {isa = PBXFileReference; includeInIndex = 1; lastKnownFileType = text.xcconfig; name = "Pods-Timer.release.xcconfig"; path = "Target Support Files/Pods-Timer/Pods-Timer.release.xcconfig"; sourceTree = "<group>"; };
		AC6ACFEAC2360161ED934E08 /* libPods-Timer.a */ = {isa = PBXFileReference; explicitFileType = archive.ar; includeInIndex = 0; path = "libPods-Timer.a"; sourceTree = BUILT_PRODUCTS_DIR; };
		E8049DA32B88FA070016E878 /* TMBatteryLevelView.swift */ = {isa = PBXFileReference; lastKnownFileType = sourcecode.swift; path = TMBatteryLevelView.swift; sourceTree = "<group>"; };
		E8129D212B8D9B2200F2CB3F /* launch_icon.png */ = {isa = PBXFileReference; lastKnownFileType = image.png; path = launch_icon.png; sourceTree = "<group>"; };
		E8129D232B8DC3EB00F2CB3F /* TMMainVcItem.swift */ = {isa = PBXFileReference; lastKnownFileType = sourcecode.swift; path = TMMainVcItem.swift; sourceTree = "<group>"; };
		E8129D252B8DC49D00F2CB3F /* TMMainBottomCell.swift */ = {isa = PBXFileReference; lastKnownFileType = sourcecode.swift; path = TMMainBottomCell.swift; sourceTree = "<group>"; };
		E8153BE32B85A42F00D74130 /* TMTimerRunManager.swift */ = {isa = PBXFileReference; lastKnownFileType = sourcecode.swift; path = TMTimerRunManager.swift; sourceTree = "<group>"; };
		E8153BE72B85AA4F00D74130 /* TMTimer.ttf */ = {isa = PBXFileReference; lastKnownFileType = file; path = TMTimer.ttf; sourceTree = "<group>"; };
		E8153BEA2B85AC6900D74130 /* String+Category.swift */ = {isa = PBXFileReference; lastKnownFileType = sourcecode.swift; path = "String+Category.swift"; sourceTree = "<group>"; };
		E81820ED2B45B8260022368D /* Timer.app */ = {isa = PBXFileReference; explicitFileType = wrapper.application; includeInIndex = 0; path = Timer.app; sourceTree = BUILT_PRODUCTS_DIR; };
		E81820F02B45B8260022368D /* AppDelegate.swift */ = {isa = PBXFileReference; lastKnownFileType = sourcecode.swift; path = AppDelegate.swift; sourceTree = "<group>"; };
		E81820F72B45B8260022368D /* Base */ = {isa = PBXFileReference; lastKnownFileType = file.storyboard; name = Base; path = Base.lproj/Main.storyboard; sourceTree = "<group>"; };
		E81820F92B45B8270022368D /* Assets.xcassets */ = {isa = PBXFileReference; lastKnownFileType = folder.assetcatalog; path = Assets.xcassets; sourceTree = "<group>"; };
		E81820FC2B45B8270022368D /* Base */ = {isa = PBXFileReference; lastKnownFileType = file.storyboard; name = Base; path = Base.lproj/LaunchScreen.storyboard; sourceTree = "<group>"; };
		E81820FE2B45B8270022368D /* Info.plist */ = {isa = PBXFileReference; lastKnownFileType = text.plist.xml; path = Info.plist; sourceTree = "<group>"; };
		E81821242B45B89A0022368D /* MTLiveWidgetExtension.appex */ = {isa = PBXFileReference; explicitFileType = "wrapper.app-extension"; includeInIndex = 0; path = MTLiveWidgetExtension.appex; sourceTree = BUILT_PRODUCTS_DIR; };
		E81821262B45B89A0022368D /* WidgetKit.framework */ = {isa = PBXFileReference; lastKnownFileType = wrapper.framework; name = WidgetKit.framework; path = System/Library/Frameworks/WidgetKit.framework; sourceTree = SDKROOT; };
		E81821282B45B89A0022368D /* SwiftUI.framework */ = {isa = PBXFileReference; lastKnownFileType = wrapper.framework; name = SwiftUI.framework; path = System/Library/Frameworks/SwiftUI.framework; sourceTree = SDKROOT; };
		E818212B2B45B89A0022368D /* MTLiveWidgetBundle.swift */ = {isa = PBXFileReference; lastKnownFileType = sourcecode.swift; path = MTLiveWidgetBundle.swift; sourceTree = "<group>"; };
		E818212D2B45B89A0022368D /* MTLiveAndLockWidget.swift */ = {isa = PBXFileReference; lastKnownFileType = sourcecode.swift; path = MTLiveAndLockWidget.swift; sourceTree = "<group>"; };
		E818212F2B45B89A0022368D /* MTUniversalWidget.swift */ = {isa = PBXFileReference; lastKnownFileType = sourcecode.swift; path = MTUniversalWidget.swift; sourceTree = "<group>"; };
		E81821312B45B89B0022368D /* Assets.xcassets */ = {isa = PBXFileReference; lastKnownFileType = folder.assetcatalog; path = Assets.xcassets; sourceTree = "<group>"; };
		E81821332B45B89B0022368D /* Info.plist */ = {isa = PBXFileReference; lastKnownFileType = text.plist.xml; path = Info.plist; sourceTree = "<group>"; };
		E818213B2B45B8B30022368D /* TMTimerManager.swift */ = {isa = PBXFileReference; lastKnownFileType = sourcecode.swift; path = TMTimerManager.swift; sourceTree = "<group>"; };
		E828B3F42B90CB330015BCDA /* TMTimerViewController.swift */ = {isa = PBXFileReference; lastKnownFileType = sourcecode.swift; path = TMTimerViewController.swift; sourceTree = "<group>"; };
		E828B3F62B90CEA90015BCDA /* TMTimerContentView.swift */ = {isa = PBXFileReference; lastKnownFileType = sourcecode.swift; path = TMTimerContentView.swift; sourceTree = "<group>"; };
		E83EDB492B8A332700AF1492 /* TMClockClockViewController.swift */ = {isa = PBXFileReference; lastKnownFileType = sourcecode.swift; path = TMClockClockViewController.swift; sourceTree = "<group>"; };
		E83EDB4B2B8A338B00AF1492 /* TMClockClockView.swift */ = {isa = PBXFileReference; lastKnownFileType = sourcecode.swift; path = TMClockClockView.swift; sourceTree = "<group>"; };
		E83EDB4D2B8A4E9E00AF1492 /* TMClockTimeView.swift */ = {isa = PBXFileReference; lastKnownFileType = sourcecode.swift; path = TMClockTimeView.swift; sourceTree = "<group>"; };
		E8527D662B87418B00CCD428 /* TMBWBaseView.swift */ = {isa = PBXFileReference; lastKnownFileType = sourcecode.swift; path = TMBWBaseView.swift; sourceTree = "<group>"; };
		E85626792B86DE9F00053DB9 /* TMWidgetTimer.ttf */ = {isa = PBXFileReference; lastKnownFileType = file; path = TMWidgetTimer.ttf; sourceTree = "<group>"; };
		E856267D2B86E29C00053DB9 /* TMNeonClockViewController.swift */ = {isa = PBXFileReference; fileEncoding = 4; lastKnownFileType = sourcecode.swift; path = TMNeonClockViewController.swift; sourceTree = "<group>"; };
		E856267F2B86E29C00053DB9 /* TMBWClockViewController.swift */ = {isa = PBXFileReference; fileEncoding = 4; lastKnownFileType = sourcecode.swift; path = TMBWClockViewController.swift; sourceTree = "<group>"; };
		E85626822B86E2B800053DB9 /* TMNeonClockView.swift */ = {isa = PBXFileReference; lastKnownFileType = sourcecode.swift; path = TMNeonClockView.swift; sourceTree = "<group>"; };
		E85626842B86E41800053DB9 /* TMNeonTextFieldView.swift */ = {isa = PBXFileReference; lastKnownFileType = sourcecode.swift; path = TMNeonTextFieldView.swift; sourceTree = "<group>"; };
		E85626892B86E75A00053DB9 /* en */ = {isa = PBXFileReference; lastKnownFileType = text.plist.strings; name = en; path = en.lproj/InfoPlist.strings; sourceTree = "<group>"; };
		E856268B2B86E75C00053DB9 /* zh-Hans */ = {isa = PBXFileReference; lastKnownFileType = text.plist.strings; name = "zh-Hans"; path = "zh-Hans.lproj/InfoPlist.strings"; sourceTree = "<group>"; };
		E856268C2B86E75D00053DB9 /* zh-Hant */ = {isa = PBXFileReference; lastKnownFileType = text.plist.strings; name = "zh-Hant"; path = "zh-Hant.lproj/InfoPlist.strings"; sourceTree = "<group>"; };
		E85626902B86E7DD00053DB9 /* en */ = {isa = PBXFileReference; lastKnownFileType = text.plist.strings; name = en; path = en.lproj/Localizable.strings; sourceTree = "<group>"; };
		E85626922B86E7DF00053DB9 /* zh-Hant */ = {isa = PBXFileReference; lastKnownFileType = text.plist.strings; name = "zh-Hant"; path = "zh-Hant.lproj/Localizable.strings"; sourceTree = "<group>"; };
		E85626932B86E7E200053DB9 /* zh-Hans */ = {isa = PBXFileReference; lastKnownFileType = text.plist.strings; name = "zh-Hans"; path = "zh-Hans.lproj/Localizable.strings"; sourceTree = "<group>"; };
		E85626942B871B4900053DB9 /* TMNeonIconView.swift */ = {isa = PBXFileReference; lastKnownFileType = sourcecode.swift; path = TMNeonIconView.swift; sourceTree = "<group>"; };
		E8579C9A2B46BA0600DCE5E8 /* zh-Hant */ = {isa = PBXFileReference; lastKnownFileType = text.plist.strings; name = "zh-Hant"; path = "zh-Hant.lproj/Main.strings"; sourceTree = "<group>"; };
		E8579C9B2B46BA0700DCE5E8 /* zh-Hant */ = {isa = PBXFileReference; lastKnownFileType = text.plist.strings; name = "zh-Hant"; path = "zh-Hant.lproj/LaunchScreen.strings"; sourceTree = "<group>"; };
		E8579C9E2B46CD5100DCE5E8 /* en */ = {isa = PBXFileReference; lastKnownFileType = text.plist.strings; name = en; path = en.lproj/Main.strings; sourceTree = "<group>"; };
		E8579CA02B46CD5C00DCE5E8 /* en */ = {isa = PBXFileReference; lastKnownFileType = text.plist.strings; name = en; path = en.lproj/LaunchScreen.strings; sourceTree = "<group>"; };
		E863F0962B936D6E00FA87C9 /* TMSoundManager.swift */ = {isa = PBXFileReference; lastKnownFileType = sourcecode.swift; path = TMSoundManager.swift; sourceTree = "<group>"; };
		E863F0992B93701200FA87C9 /* AudioToolbox.framework */ = {isa = PBXFileReference; lastKnownFileType = wrapper.framework; name = AudioToolbox.framework; path = System/Library/Frameworks/AudioToolbox.framework; sourceTree = SDKROOT; };
		E863F09D2B93774600FA87C9 /* pointer.wav */ = {isa = PBXFileReference; lastKnownFileType = audio.wav; path = pointer.wav; sourceTree = "<group>"; };
		E863F09E2B93774600FA87C9 /* flip.wav */ = {isa = PBXFileReference; lastKnownFileType = audio.wav; path = flip.wav; sourceTree = "<group>"; };
		E863F09F2B93774600FA87C9 /* neon.wav */ = {isa = PBXFileReference; lastKnownFileType = audio.wav; path = neon.wav; sourceTree = "<group>"; };
		E863F0A02B93774600FA87C9 /* kasakii.power.off.wav */ = {isa = PBXFileReference; lastKnownFileType = audio.wav; path = kasakii.power.off.wav; sourceTree = "<group>"; };
		E863F0A12B93774600FA87C9 /* nixie.wav */ = {isa = PBXFileReference; lastKnownFileType = audio.wav; path = nixie.wav; sourceTree = "<group>"; };
		E863F0A22B93774600FA87C9 /* slim.wav */ = {isa = PBXFileReference; lastKnownFileType = audio.wav; path = slim.wav; sourceTree = "<group>"; };
		E863F0A32B93774600FA87C9 /* dida.wav */ = {isa = PBXFileReference; lastKnownFileType = audio.wav; path = dida.wav; sourceTree = "<group>"; };
		E863F0A42B93774600FA87C9 /* digit.wav */ = {isa = PBXFileReference; lastKnownFileType = audio.wav; path = digit.wav; sourceTree = "<group>"; };
		E876ABF92B95D9010079A5DA /* TMLoading.swift */ = {isa = PBXFileReference; lastKnownFileType = sourcecode.swift; path = TMLoading.swift; sourceTree = "<group>"; };
		E8790B962B8A211100B58804 /* TMShadowClockViewController.swift */ = {isa = PBXFileReference; lastKnownFileType = sourcecode.swift; path = TMShadowClockViewController.swift; sourceTree = "<group>"; };
		E8790B982B8A21F900B58804 /* TMShadowBaseView.swift */ = {isa = PBXFileReference; lastKnownFileType = sourcecode.swift; path = TMShadowBaseView.swift; sourceTree = "<group>"; };
		E8822EFE2B85D11E00471E5A /* Date+Category.swift */ = {isa = PBXFileReference; lastKnownFileType = sourcecode.swift; path = "Date+Category.swift"; sourceTree = "<group>"; };
		E889093E2B8D780800714237 /* TMElectronViewController.swift */ = {isa = PBXFileReference; lastKnownFileType = sourcecode.swift; path = TMElectronViewController.swift; sourceTree = "<group>"; };
		E88909402B8D785200714237 /* TMElectronView.swift */ = {isa = PBXFileReference; lastKnownFileType = sourcecode.swift; path = TMElectronView.swift; sourceTree = "<group>"; };
		E88909422B8D7F7700714237 /* DS-Digital-Bold.ttf */ = {isa = PBXFileReference; lastKnownFileType = file; path = "DS-Digital-Bold.ttf"; sourceTree = "<group>"; };
		E88909442B8D8D2000714237 /* LaunchViewController.swift */ = {isa = PBXFileReference; lastKnownFileType = sourcecode.swift; path = LaunchViewController.swift; sourceTree = "<group>"; };
		E88909482B8D916A00714237 /* launch_white.png */ = {isa = PBXFileReference; lastKnownFileType = image.png; path = launch_white.png; sourceTree = "<group>"; };
		E88ECBD42B8C912F0025F121 /* iconfont-8bit-front-Regular.ttf */ = {isa = PBXFileReference; lastKnownFileType = file; path = "iconfont-8bit-front-Regular.ttf"; sourceTree = "<group>"; };
		E88ED3542B8850370075707F /* DigitaldreamSkewNarrow.ttf */ = {isa = PBXFileReference; lastKnownFileType = file; path = DigitaldreamSkewNarrow.ttf; sourceTree = "<group>"; };
		E88ED35A2B88818C0075707F /* TMBlockClockViewController.swift */ = {isa = PBXFileReference; lastKnownFileType = sourcecode.swift; path = TMBlockClockViewController.swift; sourceTree = "<group>"; };
		E88ED35C2B88920C0075707F /* TMBlockClockView.swift */ = {isa = PBXFileReference; lastKnownFileType = sourcecode.swift; path = TMBlockClockView.swift; sourceTree = "<group>"; };
		E89C068E2B872F4D00E6106F /* TMBaseView.swift */ = {isa = PBXFileReference; lastKnownFileType = sourcecode.swift; path = TMBaseView.swift; sourceTree = "<group>"; };
		E8A095342B8C6836004EE16D /* TMMainBottomView.swift */ = {isa = PBXFileReference; lastKnownFileType = sourcecode.swift; path = TMMainBottomView.swift; sourceTree = "<group>"; };
		E8A56F2F2B9448B20083D9B8 /* TMStoreManager.swift */ = {isa = PBXFileReference; lastKnownFileType = sourcecode.swift; path = TMStoreManager.swift; sourceTree = "<group>"; };
		E8A56F312B947FBB0083D9B8 /* TMUnlockBannerView.swift */ = {isa = PBXFileReference; lastKnownFileType = sourcecode.swift; path = TMUnlockBannerView.swift; sourceTree = "<group>"; };
		E8A56F342B9481390083D9B8 /* TMHeartViewController.swift */ = {isa = PBXFileReference; lastKnownFileType = sourcecode.swift; path = TMHeartViewController.swift; sourceTree = "<group>"; };
		E8A56F362B9481C70083D9B8 /* TMHeartContentView.swift */ = {isa = PBXFileReference; lastKnownFileType = sourcecode.swift; path = TMHeartContentView.swift; sourceTree = "<group>"; };
		E8B635C42B8F0E6500D549DC /* UIColor+Category.swift */ = {isa = PBXFileReference; lastKnownFileType = sourcecode.swift; path = "UIColor+Category.swift"; sourceTree = "<group>"; };
		E8B635C72B8F28FD00D549DC /* TMImpactManager.swift */ = {isa = PBXFileReference; lastKnownFileType = sourcecode.swift; path = TMImpactManager.swift; sourceTree = "<group>"; };
		E8C7CD7E2B85FCC800A87087 /* TMMontionManager.swift */ = {isa = PBXFileReference; lastKnownFileType = sourcecode.swift; path = TMMontionManager.swift; sourceTree = "<group>"; };
		E8C7CD802B85FD8300A87087 /* TMDelegateManager.swift */ = {isa = PBXFileReference; lastKnownFileType = sourcecode.swift; path = TMDelegateManager.swift; sourceTree = "<group>"; };
		E8D9CF422B9247420020DB0B /* TMClockClock2ViewController.swift */ = {isa = PBXFileReference; lastKnownFileType = sourcecode.swift; path = TMClockClock2ViewController.swift; sourceTree = "<group>"; };
		E8D9CF442B9247850020DB0B /* TMClockClock2View.swift */ = {isa = PBXFileReference; lastKnownFileType = sourcecode.swift; path = TMClockClock2View.swift; sourceTree = "<group>"; };
		E8E8691B2B8DE94500D8C627 /* LEGOHighlightButton.swift */ = {isa = PBXFileReference; lastKnownFileType = sourcecode.swift; path = LEGOHighlightButton.swift; sourceTree = "<group>"; };
		E8E8691D2B8DFF2200D8C627 /* TMMainSettingView.swift */ = {isa = PBXFileReference; lastKnownFileType = sourcecode.swift; path = TMMainSettingView.swift; sourceTree = "<group>"; };
		E8EE88BD2B46B92C00597769 /* zh-Hans */ = {isa = PBXFileReference; lastKnownFileType = text.plist.strings; name = "zh-Hans"; path = "zh-Hans.lproj/Main.strings"; sourceTree = "<group>"; };
		E8EE88BE2B46B92C00597769 /* zh-Hans */ = {isa = PBXFileReference; lastKnownFileType = text.plist.strings; name = "zh-Hans"; path = "zh-Hans.lproj/LaunchScreen.strings"; sourceTree = "<group>"; };
		E8F3AE6E2B85933900B374F1 /* TMBaseViewController.swift */ = {isa = PBXFileReference; lastKnownFileType = sourcecode.swift; path = TMBaseViewController.swift; sourceTree = "<group>"; };
		E8F3AE702B85934900B374F1 /* TMMainViewController.swift */ = {isa = PBXFileReference; lastKnownFileType = sourcecode.swift; path = TMMainViewController.swift; sourceTree = "<group>"; };
		E8F3AE722B8596CA00B374F1 /* TMConfigPrefix.swift */ = {isa = PBXFileReference; lastKnownFileType = sourcecode.swift; path = TMConfigPrefix.swift; sourceTree = "<group>"; };
		E8F3AE742B85976400B374F1 /* TMBasePageViewController.swift */ = {isa = PBXFileReference; lastKnownFileType = sourcecode.swift; path = TMBasePageViewController.swift; sourceTree = "<group>"; };
		E8F420DB2B8B6212001F20EF /* TMPageMenuView.swift */ = {isa = PBXFileReference; lastKnownFileType = sourcecode.swift; path = TMPageMenuView.swift; sourceTree = "<group>"; };
		E8F8086B2B98566B0044689D /* StoreKit.framework */ = {isa = PBXFileReference; lastKnownFileType = wrapper.framework; name = StoreKit.framework; path = System/Library/Frameworks/StoreKit.framework; sourceTree = SDKROOT; };
		E8F8086E2B9896F80044689D /* FlipClock.ttf */ = {isa = PBXFileReference; lastKnownFileType = file; path = FlipClock.ttf; sourceTree = "<group>"; };
		E8F808712B9898070044689D /* TMFlipViewController.swift */ = {isa = PBXFileReference; lastKnownFileType = sourcecode.swift; path = TMFlipViewController.swift; sourceTree = "<group>"; };
		E8F808732B9898FC0044689D /* TMFlipBaseView.swift */ = {isa = PBXFileReference; lastKnownFileType = sourcecode.swift; path = TMFlipBaseView.swift; sourceTree = "<group>"; };
		E8F808752B989A800044689D /* TMBaseEnum.swift */ = {isa = PBXFileReference; lastKnownFileType = sourcecode.swift; path = TMBaseEnum.swift; sourceTree = "<group>"; };
/* End PBXFileReference section */

/* Begin PBXFrameworksBuildPhase section */
		E81820EA2B45B8260022368D /* Frameworks */ = {
			isa = PBXFrameworksBuildPhase;
			buildActionMask = 2147483647;
			files = (
				E8F8086C2B98566B0044689D /* StoreKit.framework in Frameworks */,
				2AA00B70F738E5448EEE62F6 /* libPods-Timer.a in Frameworks */,
				E863F09A2B93701200FA87C9 /* AudioToolbox.framework in Frameworks */,
			);
			runOnlyForDeploymentPostprocessing = 0;
		};
		E81821212B45B89A0022368D /* Frameworks */ = {
			isa = PBXFrameworksBuildPhase;
			buildActionMask = 2147483647;
			files = (
				E81821292B45B89A0022368D /* SwiftUI.framework in Frameworks */,
				E81821272B45B89A0022368D /* WidgetKit.framework in Frameworks */,
			);
			runOnlyForDeploymentPostprocessing = 0;
		};
/* End PBXFrameworksBuildPhase section */

/* Begin PBXGroup section */
		B141F264511127166D3EEE42 /* Pods */ = {
			isa = PBXGroup;
			children = (
				48AD81F4A9DD813C4847ECF9 /* Pods-Timer.debug.xcconfig */,
				81778ED9ED8BC79E83D9FBCD /* Pods-Timer.release.xcconfig */,
			);
			path = Pods;
			sourceTree = "<group>";
		};
		E8049DA22B88F9E90016E878 /* Common */ = {
			isa = PBXGroup;
			children = (
				E8049DA32B88FA070016E878 /* TMBatteryLevelView.swift */,
			);
			path = Common;
			sourceTree = "<group>";
		};
		E8153BE22B85A41700D74130 /* Timer */ = {
			isa = PBXGroup;
			children = (
				E8153BE32B85A42F00D74130 /* TMTimerRunManager.swift */,
			);
			path = Timer;
			sourceTree = "<group>";
		};
		E8153BE62B85AA4F00D74130 /* Font */ = {
			isa = PBXGroup;
			children = (
				E8F8086E2B9896F80044689D /* FlipClock.ttf */,
				E8153BE72B85AA4F00D74130 /* TMTimer.ttf */,
				E88ED3542B8850370075707F /* DigitaldreamSkewNarrow.ttf */,
				E88ECBD42B8C912F0025F121 /* iconfont-8bit-front-Regular.ttf */,
				E88909422B8D7F7700714237 /* DS-Digital-Bold.ttf */,
			);
			path = Font;
			sourceTree = "<group>";
		};
		E8153BE92B85AC4100D74130 /* Expand */ = {
			isa = PBXGroup;
			children = (
				E8153BEA2B85AC6900D74130 /* String+Category.swift */,
				E8822EFE2B85D11E00471E5A /* Date+Category.swift */,
				E8B635C42B8F0E6500D549DC /* UIColor+Category.swift */,
			);
			path = Expand;
			sourceTree = "<group>";
		};
		E81820E42B45B8260022368D = {
			isa = PBXGroup;
			children = (
				E81820EF2B45B8260022368D /* Timer */,
				E818212A2B45B89A0022368D /* MTLiveWidget */,
				E81821252B45B89A0022368D /* Frameworks */,
				E81820EE2B45B8260022368D /* Products */,
				B141F264511127166D3EEE42 /* Pods */,
			);
			sourceTree = "<group>";
		};
		E81820EE2B45B8260022368D /* Products */ = {
			isa = PBXGroup;
			children = (
				E81820ED2B45B8260022368D /* Timer.app */,
				E81821242B45B89A0022368D /* MTLiveWidgetExtension.appex */,
			);
			name = Products;
			sourceTree = "<group>";
		};
		E81820EF2B45B8260022368D /* Timer */ = {
			isa = PBXGroup;
			children = (
				E81820F02B45B8260022368D /* AppDelegate.swift */,
				E88909442B8D8D2000714237 /* LaunchViewController.swift */,
				E8129D212B8D9B2200F2CB3F /* launch_icon.png */,
				E88909482B8D916A00714237 /* launch_white.png */,
				E8F3AE722B8596CA00B374F1 /* TMConfigPrefix.swift */,
				E8F808752B989A800044689D /* TMBaseEnum.swift */,
				E8F3AE6E2B85933900B374F1 /* TMBaseViewController.swift */,
				E89C068E2B872F4D00E6106F /* TMBaseView.swift */,
				E8E8691B2B8DE94500D8C627 /* LEGOHighlightButton.swift */,
				E8C7CD802B85FD8300A87087 /* TMDelegateManager.swift */,
				E8F3AE702B85934900B374F1 /* TMMainViewController.swift */,
				E8F420DA2B8B61EA001F20EF /* Main */,
				E8A56F2E2B9448A40083D9B8 /* Store */,
				E828B3F32B90CB1F0015BCDA /* TimerVc */,
				E8049DA22B88F9E90016E878 /* Common */,
				E8153BE92B85AC4100D74130 /* Expand */,
				E863F0852B936D4A00FA87C9 /* MP3 */,
				E8153BE62B85AA4F00D74130 /* Font */,
				E8B635C62B8F28E100D549DC /* Impact */,
				E8C7CD7D2B85FCAB00A87087 /* Motion */,
				E8153BE22B85A41700D74130 /* Timer */,
				E8F3AE762B859D7E00B374F1 /* Pages */,
				E81820F62B45B8260022368D /* Main.storyboard */,
				E81820F92B45B8270022368D /* Assets.xcassets */,
				E81820FB2B45B8270022368D /* LaunchScreen.storyboard */,
				E81820FE2B45B8270022368D /* Info.plist */,
				E856268A2B86E75A00053DB9 /* InfoPlist.strings */,
				E85626912B86E7DD00053DB9 /* Localizable.strings */,
			);
			path = Timer;
			sourceTree = "<group>";
		};
		E81821252B45B89A0022368D /* Frameworks */ = {
			isa = PBXGroup;
			children = (
				E8F8086B2B98566B0044689D /* StoreKit.framework */,
				E863F0992B93701200FA87C9 /* AudioToolbox.framework */,
				E81821262B45B89A0022368D /* WidgetKit.framework */,
				E81821282B45B89A0022368D /* SwiftUI.framework */,
				AC6ACFEAC2360161ED934E08 /* libPods-Timer.a */,
			);
			name = Frameworks;
			sourceTree = "<group>";
		};
		E818212A2B45B89A0022368D /* MTLiveWidget */ = {
			isa = PBXGroup;
			children = (
				E818213B2B45B8B30022368D /* TMTimerManager.swift */,
				E85626782B86DE9F00053DB9 /* Font */,
				E818212B2B45B89A0022368D /* MTLiveWidgetBundle.swift */,
				E818212D2B45B89A0022368D /* MTLiveAndLockWidget.swift */,
				E818212F2B45B89A0022368D /* MTUniversalWidget.swift */,
				E81821312B45B89B0022368D /* Assets.xcassets */,
				E81821332B45B89B0022368D /* Info.plist */,
			);
			path = MTLiveWidget;
			sourceTree = "<group>";
		};
		E828B3F32B90CB1F0015BCDA /* TimerVc */ = {
			isa = PBXGroup;
			children = (
				E828B3F42B90CB330015BCDA /* TMTimerViewController.swift */,
				E828B3F62B90CEA90015BCDA /* TMTimerContentView.swift */,
			);
			path = TimerVc;
			sourceTree = "<group>";
		};
		E83EDB482B8A331300AF1492 /* Clock */ = {
			isa = PBXGroup;
			children = (
				E83EDB492B8A332700AF1492 /* TMClockClockViewController.swift */,
				E83EDB4B2B8A338B00AF1492 /* TMClockClockView.swift */,
				E83EDB4D2B8A4E9E00AF1492 /* TMClockTimeView.swift */,
				E8D9CF422B9247420020DB0B /* TMClockClock2ViewController.swift */,
				E8D9CF442B9247850020DB0B /* TMClockClock2View.swift */,
			);
			path = Clock;
			sourceTree = "<group>";
		};
		E85626782B86DE9F00053DB9 /* Font */ = {
			isa = PBXGroup;
			children = (
				E85626792B86DE9F00053DB9 /* TMWidgetTimer.ttf */,
			);
			path = Font;
			sourceTree = "<group>";
		};
		E856267C2B86E29C00053DB9 /* Neon */ = {
			isa = PBXGroup;
			children = (
				E856267D2B86E29C00053DB9 /* TMNeonClockViewController.swift */,
				E85626822B86E2B800053DB9 /* TMNeonClockView.swift */,
				E85626842B86E41800053DB9 /* TMNeonTextFieldView.swift */,
				E85626942B871B4900053DB9 /* TMNeonIconView.swift */,
			);
			path = Neon;
			sourceTree = "<group>";
		};
		E856267E2B86E29C00053DB9 /* BW */ = {
			isa = PBXGroup;
			children = (
				E856267F2B86E29C00053DB9 /* TMBWClockViewController.swift */,
				E8527D662B87418B00CCD428 /* TMBWBaseView.swift */,
			);
			path = BW;
			sourceTree = "<group>";
		};
		E863F0852B936D4A00FA87C9 /* MP3 */ = {
			isa = PBXGroup;
			children = (
				E863F0962B936D6E00FA87C9 /* TMSoundManager.swift */,
				E863F0A32B93774600FA87C9 /* dida.wav */,
				E863F0A42B93774600FA87C9 /* digit.wav */,
				E863F09E2B93774600FA87C9 /* flip.wav */,
				E863F0A02B93774600FA87C9 /* kasakii.power.off.wav */,
				E863F09F2B93774600FA87C9 /* neon.wav */,
				E863F0A12B93774600FA87C9 /* nixie.wav */,
				E863F09D2B93774600FA87C9 /* pointer.wav */,
				E863F0A22B93774600FA87C9 /* slim.wav */,
			);
			path = MP3;
			sourceTree = "<group>";
		};
		E889093D2B8D77EB00714237 /* Electron */ = {
			isa = PBXGroup;
			children = (
				E889093E2B8D780800714237 /* TMElectronViewController.swift */,
				E88909402B8D785200714237 /* TMElectronView.swift */,
			);
			path = Electron;
			sourceTree = "<group>";
		};
		E88ED3562B8855B10075707F /* Shadow */ = {
			isa = PBXGroup;
			children = (
				E8790B962B8A211100B58804 /* TMShadowClockViewController.swift */,
				E8790B982B8A21F900B58804 /* TMShadowBaseView.swift */,
			);
			path = Shadow;
			sourceTree = "<group>";
		};
		E88ED3572B8855B10075707F /* Block */ = {
			isa = PBXGroup;
			children = (
				E88ED35A2B88818C0075707F /* TMBlockClockViewController.swift */,
				E88ED35C2B88920C0075707F /* TMBlockClockView.swift */,
			);
			path = Block;
			sourceTree = "<group>";
		};
		E8A56F2E2B9448A40083D9B8 /* Store */ = {
			isa = PBXGroup;
			children = (
				E8A56F2F2B9448B20083D9B8 /* TMStoreManager.swift */,
				E8A56F312B947FBB0083D9B8 /* TMUnlockBannerView.swift */,
				E876ABF92B95D9010079A5DA /* TMLoading.swift */,
			);
			path = Store;
			sourceTree = "<group>";
		};
		E8A56F332B94811E0083D9B8 /* Heart */ = {
			isa = PBXGroup;
			children = (
				E8A56F342B9481390083D9B8 /* TMHeartViewController.swift */,
				E8A56F362B9481C70083D9B8 /* TMHeartContentView.swift */,
			);
			path = Heart;
			sourceTree = "<group>";
		};
		E8B635C62B8F28E100D549DC /* Impact */ = {
			isa = PBXGroup;
			children = (
				E8B635C72B8F28FD00D549DC /* TMImpactManager.swift */,
			);
			path = Impact;
			sourceTree = "<group>";
		};
		E8C7CD7D2B85FCAB00A87087 /* Motion */ = {
			isa = PBXGroup;
			children = (
				E8C7CD7E2B85FCC800A87087 /* TMMontionManager.swift */,
			);
			path = Motion;
			sourceTree = "<group>";
		};
		E8F3AE762B859D7E00B374F1 /* Pages */ = {
			isa = PBXGroup;
			children = (
				E8F3AE742B85976400B374F1 /* TMBasePageViewController.swift */,
				E8F808702B9897F80044689D /* Flip */,
				E8A56F332B94811E0083D9B8 /* Heart */,
				E889093D2B8D77EB00714237 /* Electron */,
				E83EDB482B8A331300AF1492 /* Clock */,
				E88ED3572B8855B10075707F /* Block */,
				E88ED3562B8855B10075707F /* Shadow */,
				E856267C2B86E29C00053DB9 /* Neon */,
				E856267E2B86E29C00053DB9 /* BW */,
			);
			path = Pages;
			sourceTree = "<group>";
		};
		E8F420DA2B8B61EA001F20EF /* Main */ = {
			isa = PBXGroup;
			children = (
				E8129D232B8DC3EB00F2CB3F /* TMMainVcItem.swift */,
				E8F420DB2B8B6212001F20EF /* TMPageMenuView.swift */,
				E8A095342B8C6836004EE16D /* TMMainBottomView.swift */,
				E8129D252B8DC49D00F2CB3F /* TMMainBottomCell.swift */,
				E8E8691D2B8DFF2200D8C627 /* TMMainSettingView.swift */,
			);
			path = Main;
			sourceTree = "<group>";
		};
		E8F808702B9897F80044689D /* Flip */ = {
			isa = PBXGroup;
			children = (
				E8F808712B9898070044689D /* TMFlipViewController.swift */,
				E8F808732B9898FC0044689D /* TMFlipBaseView.swift */,
			);
			path = Flip;
			sourceTree = "<group>";
		};
/* End PBXGroup section */

/* Begin PBXNativeTarget section */
		E81820EC2B45B8260022368D /* Timer */ = {
			isa = PBXNativeTarget;
			buildConfigurationList = E81821172B45B8270022368D /* Build configuration list for PBXNativeTarget "Timer" */;
			buildPhases = (
				0ABE5BFFA65EB1B9D97E9A94 /* [CP] Check Pods Manifest.lock */,
				E81820E92B45B8260022368D /* Sources */,
				E81820EA2B45B8260022368D /* Frameworks */,
				E81820EB2B45B8260022368D /* Resources */,
				E818213A2B45B89B0022368D /* Embed Foundation Extensions */,
				8B63563EA4DF5DFE604CCA0E /* [CP] Copy Pods Resources */,
			);
			buildRules = (
			);
			dependencies = (
				E81821352B45B89B0022368D /* PBXTargetDependency */,
			);
			name = Timer;
			productName = Timer;
			productReference = E81820ED2B45B8260022368D /* Timer.app */;
			productType = "com.apple.product-type.application";
		};
		E81821232B45B89A0022368D /* MTLiveWidgetExtension */ = {
			isa = PBXNativeTarget;
			buildConfigurationList = E81821372B45B89B0022368D /* Build configuration list for PBXNativeTarget "MTLiveWidgetExtension" */;
			buildPhases = (
				E81821202B45B89A0022368D /* Sources */,
				E81821212B45B89A0022368D /* Frameworks */,
				E81821222B45B89A0022368D /* Resources */,
			);
			buildRules = (
			);
			dependencies = (
			);
			name = MTLiveWidgetExtension;
			productName = MTLiveWidgetExtension;
			productReference = E81821242B45B89A0022368D /* MTLiveWidgetExtension.appex */;
			productType = "com.apple.product-type.app-extension";
		};
/* End PBXNativeTarget section */

/* Begin PBXProject section */
		E81820E52B45B8260022368D /* Project object */ = {
			isa = PBXProject;
			attributes = {
				BuildIndependentTargetsInParallel = 1;
				LastSwiftUpdateCheck = 1500;
				LastUpgradeCheck = 1500;
				TargetAttributes = {
					E81820EC2B45B8260022368D = {
						CreatedOnToolsVersion = 15.0;
					};
					E81821232B45B89A0022368D = {
						CreatedOnToolsVersion = 15.0;
					};
				};
			};
			buildConfigurationList = E81820E82B45B8260022368D /* Build configuration list for PBXProject "Timer" */;
			compatibilityVersion = "Xcode 14.0";
			developmentRegion = en;
			hasScannedForEncodings = 0;
			knownRegions = (
				en,
				Base,
				"zh-Hans",
				"zh-Hant",
			);
			mainGroup = E81820E42B45B8260022368D;
			productRefGroup = E81820EE2B45B8260022368D /* Products */;
			projectDirPath = "";
			projectRoot = "";
			targets = (
				E81820EC2B45B8260022368D /* Timer */,
				E81821232B45B89A0022368D /* MTLiveWidgetExtension */,
			);
		};
/* End PBXProject section */

/* Begin PBXResourcesBuildPhase section */
		E81820EB2B45B8260022368D /* Resources */ = {
			isa = PBXResourcesBuildPhase;
			buildActionMask = 2147483647;
			files = (
				E8F8086F2B9896F80044689D /* FlipClock.ttf in Resources */,
				E863F0A72B93774600FA87C9 /* neon.wav in Resources */,
				E88ED3552B8850370075707F /* DigitaldreamSkewNarrow.ttf in Resources */,
				E863F0A82B93774600FA87C9 /* kasakii.power.off.wav in Resources */,
				E81820FD2B45B8270022368D /* LaunchScreen.storyboard in Resources */,
				E85626882B86E75A00053DB9 /* InfoPlist.strings in Resources */,
				E863F0A92B93774600FA87C9 /* nixie.wav in Resources */,
				E863F0AC2B93774600FA87C9 /* digit.wav in Resources */,
				E88ECBD52B8C912F0025F121 /* iconfont-8bit-front-Regular.ttf in Resources */,
				E8129D222B8D9B2200F2CB3F /* launch_icon.png in Resources */,
				E863F0A62B93774600FA87C9 /* flip.wav in Resources */,
				E8153BE82B85AA4F00D74130 /* TMTimer.ttf in Resources */,
				E863F0AB2B93774600FA87C9 /* dida.wav in Resources */,
				E856268F2B86E7DD00053DB9 /* Localizable.strings in Resources */,
				E856267A2B86DE9F00053DB9 /* TMWidgetTimer.ttf in Resources */,
				E863F0A52B93774600FA87C9 /* pointer.wav in Resources */,
				E81820FA2B45B8270022368D /* Assets.xcassets in Resources */,
				E81820F82B45B8260022368D /* Main.storyboard in Resources */,
				E863F0AA2B93774600FA87C9 /* slim.wav in Resources */,
				E88909492B8D916A00714237 /* launch_white.png in Resources */,
				E88909432B8D7F7700714237 /* DS-Digital-Bold.ttf in Resources */,
			);
			runOnlyForDeploymentPostprocessing = 0;
		};
		E81821222B45B89A0022368D /* Resources */ = {
			isa = PBXResourcesBuildPhase;
			buildActionMask = 2147483647;
			files = (
				E856267B2B86E24400053DB9 /* TMWidgetTimer.ttf in Resources */,
				E8579C9C2B46CD4C00DCE5E8 /* Main.storyboard in Resources */,
				E81821322B45B89B0022368D /* Assets.xcassets in Resources */,
			);
			runOnlyForDeploymentPostprocessing = 0;
		};
/* End PBXResourcesBuildPhase section */

/* Begin PBXShellScriptBuildPhase section */
		0ABE5BFFA65EB1B9D97E9A94 /* [CP] Check Pods Manifest.lock */ = {
			isa = PBXShellScriptBuildPhase;
			buildActionMask = 2147483647;
			files = (
			);
			inputFileListPaths = (
			);
			inputPaths = (
				"${PODS_PODFILE_DIR_PATH}/Podfile.lock",
				"${PODS_ROOT}/Manifest.lock",
			);
			name = "[CP] Check Pods Manifest.lock";
			outputFileListPaths = (
			);
			outputPaths = (
				"$(DERIVED_FILE_DIR)/Pods-Timer-checkManifestLockResult.txt",
			);
			runOnlyForDeploymentPostprocessing = 0;
			shellPath = /bin/sh;
			shellScript = "diff \"${PODS_PODFILE_DIR_PATH}/Podfile.lock\" \"${PODS_ROOT}/Manifest.lock\" > /dev/null\nif [ $? != 0 ] ; then\n    # print error to STDERR\n    echo \"error: The sandbox is not in sync with the Podfile.lock. Run 'pod install' or update your CocoaPods installation.\" >&2\n    exit 1\nfi\n# This output is used by Xcode 'outputs' to avoid re-running this script phase.\necho \"SUCCESS\" > \"${SCRIPT_OUTPUT_FILE_0}\"\n";
			showEnvVarsInLog = 0;
		};
		8B63563EA4DF5DFE604CCA0E /* [CP] Copy Pods Resources */ = {
			isa = PBXShellScriptBuildPhase;
			buildActionMask = 2147483647;
			files = (
			);
			inputFileListPaths = (
				"${PODS_ROOT}/Target Support Files/Pods-Timer/Pods-Timer-resources-${CONFIGURATION}-input-files.xcfilelist",
			);
			name = "[CP] Copy Pods Resources";
			outputFileListPaths = (
				"${PODS_ROOT}/Target Support Files/Pods-Timer/Pods-Timer-resources-${CONFIGURATION}-output-files.xcfilelist",
			);
			runOnlyForDeploymentPostprocessing = 0;
			shellPath = /bin/sh;
			shellScript = "\"${PODS_ROOT}/Target Support Files/Pods-Timer/Pods-Timer-resources.sh\"\n";
			showEnvVarsInLog = 0;
		};
/* End PBXShellScriptBuildPhase section */

/* Begin PBXSourcesBuildPhase section */
		E81820E92B45B8260022368D /* Sources */ = {
			isa = PBXSourcesBuildPhase;
			buildActionMask = 2147483647;
			files = (
				E8A56F352B9481390083D9B8 /* TMHeartViewController.swift in Sources */,
				E81820F12B45B8260022368D /* AppDelegate.swift in Sources */,
				E8153BEB2B85AC6900D74130 /* String+Category.swift in Sources */,
				E88ED35D2B88920C0075707F /* TMBlockClockView.swift in Sources */,
				E8129D242B8DC3EB00F2CB3F /* TMMainVcItem.swift in Sources */,
				E8C7CD7F2B85FCC800A87087 /* TMMontionManager.swift in Sources */,
				E8F3AE732B8596CA00B374F1 /* TMConfigPrefix.swift in Sources */,
				E8129D262B8DC49D00F2CB3F /* TMMainBottomCell.swift in Sources */,
				E8E8691C2B8DE94500D8C627 /* LEGOHighlightButton.swift in Sources */,
				E876ABFA2B95D9010079A5DA /* TMLoading.swift in Sources */,
				E8A56F302B9448B20083D9B8 /* TMStoreManager.swift in Sources */,
				E889093F2B8D780800714237 /* TMElectronViewController.swift in Sources */,
				E85626812B86E29C00053DB9 /* TMBWClockViewController.swift in Sources */,
				E88909412B8D785200714237 /* TMElectronView.swift in Sources */,
				E8F808762B989A800044689D /* TMBaseEnum.swift in Sources */,
				E8153BE42B85A42F00D74130 /* TMTimerRunManager.swift in Sources */,
				E8C7CD812B85FD8300A87087 /* TMDelegateManager.swift in Sources */,
				E85626832B86E2B800053DB9 /* TMNeonClockView.swift in Sources */,
				E8822EFF2B85D11E00471E5A /* Date+Category.swift in Sources */,
				E8A095352B8C6836004EE16D /* TMMainBottomView.swift in Sources */,
				E8049DA42B88FA070016E878 /* TMBatteryLevelView.swift in Sources */,
				E828B3F52B90CB330015BCDA /* TMTimerViewController.swift in Sources */,
				E8D9CF452B9247850020DB0B /* TMClockClock2View.swift in Sources */,
				E8527D672B87418B00CCD428 /* TMBWBaseView.swift in Sources */,
				E828B3F72B90CEA90015BCDA /* TMTimerContentView.swift in Sources */,
				E88909452B8D8D2000714237 /* LaunchViewController.swift in Sources */,
				E8B635C82B8F28FD00D549DC /* TMImpactManager.swift in Sources */,
				E8A56F372B9481C70083D9B8 /* TMHeartContentView.swift in Sources */,
				E8D9CF432B9247420020DB0B /* TMClockClock2ViewController.swift in Sources */,
				E85626852B86E41800053DB9 /* TMNeonTextFieldView.swift in Sources */,
				E8F3AE752B85976400B374F1 /* TMBasePageViewController.swift in Sources */,
				E8B635C52B8F0E6500D549DC /* UIColor+Category.swift in Sources */,
				E8E8691E2B8DFF2200D8C627 /* TMMainSettingView.swift in Sources */,
				E8790B992B8A21F900B58804 /* TMShadowBaseView.swift in Sources */,
				E8F808742B9898FC0044689D /* TMFlipBaseView.swift in Sources */,
				E863F0972B936D6E00FA87C9 /* TMSoundManager.swift in Sources */,
				E8790B972B8A211100B58804 /* TMShadowClockViewController.swift in Sources */,
				E88ED35B2B88818C0075707F /* TMBlockClockViewController.swift in Sources */,
				E8F420DC2B8B6212001F20EF /* TMPageMenuView.swift in Sources */,
				E83EDB4C2B8A338B00AF1492 /* TMClockClockView.swift in Sources */,
				E8A56F322B947FBB0083D9B8 /* TMUnlockBannerView.swift in Sources */,
				E8F3AE712B85934900B374F1 /* TMMainViewController.swift in Sources */,
				E83EDB4E2B8A4E9E00AF1492 /* TMClockTimeView.swift in Sources */,
				E8F808722B9898070044689D /* TMFlipViewController.swift in Sources */,
				E83EDB4A2B8A332700AF1492 /* TMClockClockViewController.swift in Sources */,
				E85626802B86E29C00053DB9 /* TMNeonClockViewController.swift in Sources */,
				E818213C2B45B8B30022368D /* TMTimerManager.swift in Sources */,
				E85626952B871B4900053DB9 /* TMNeonIconView.swift in Sources */,
				E89C068F2B872F4D00E6106F /* TMBaseView.swift in Sources */,
				E818213F2B45BAFA0022368D /* MTLiveAndLockWidget.swift in Sources */,
				E8F3AE6F2B85933900B374F1 /* TMBaseViewController.swift in Sources */,
			);
			runOnlyForDeploymentPostprocessing = 0;
		};
		E81821202B45B89A0022368D /* Sources */ = {
			isa = PBXSourcesBuildPhase;
			buildActionMask = 2147483647;
			files = (
				E818213D2B45B8B30022368D /* TMTimerManager.swift in Sources */,
				E81821302B45B89A0022368D /* MTUniversalWidget.swift in Sources */,
				E818212C2B45B89A0022368D /* MTLiveWidgetBundle.swift in Sources */,
				E818212E2B45B89A0022368D /* MTLiveAndLockWidget.swift in Sources */,
			);
			runOnlyForDeploymentPostprocessing = 0;
		};
/* End PBXSourcesBuildPhase section */

/* Begin PBXTargetDependency section */
		E81821352B45B89B0022368D /* PBXTargetDependency */ = {
			isa = PBXTargetDependency;
			target = E81821232B45B89A0022368D /* MTLiveWidgetExtension */;
			targetProxy = E81821342B45B89B0022368D /* PBXContainerItemProxy */;
		};
/* End PBXTargetDependency section */

/* Begin PBXVariantGroup section */
		E81820F62B45B8260022368D /* Main.storyboard */ = {
			isa = PBXVariantGroup;
			children = (
				E81820F72B45B8260022368D /* Base */,
				E8EE88BD2B46B92C00597769 /* zh-Hans */,
				E8579C9A2B46BA0600DCE5E8 /* zh-Hant */,
				E8579C9E2B46CD5100DCE5E8 /* en */,
			);
			name = Main.storyboard;
			sourceTree = "<group>";
		};
		E81820FB2B45B8270022368D /* LaunchScreen.storyboard */ = {
			isa = PBXVariantGroup;
			children = (
				E81820FC2B45B8270022368D /* Base */,
				E8EE88BE2B46B92C00597769 /* zh-Hans */,
				E8579C9B2B46BA0700DCE5E8 /* zh-Hant */,
				E8579CA02B46CD5C00DCE5E8 /* en */,
			);
			name = LaunchScreen.storyboard;
			sourceTree = "<group>";
		};
		E856268A2B86E75A00053DB9 /* InfoPlist.strings */ = {
			isa = PBXVariantGroup;
			children = (
				E85626892B86E75A00053DB9 /* en */,
				E856268B2B86E75C00053DB9 /* zh-Hans */,
				E856268C2B86E75D00053DB9 /* zh-Hant */,
			);
			name = InfoPlist.strings;
			sourceTree = "<group>";
		};
		E85626912B86E7DD00053DB9 /* Localizable.strings */ = {
			isa = PBXVariantGroup;
			children = (
				E85626902B86E7DD00053DB9 /* en */,
				E85626922B86E7DF00053DB9 /* zh-Hant */,
				E85626932B86E7E200053DB9 /* zh-Hans */,
			);
			name = Localizable.strings;
			sourceTree = "<group>";
		};
/* End PBXVariantGroup section */

/* Begin XCBuildConfiguration section */
		E81821152B45B8270022368D /* Debug */ = {
			isa = XCBuildConfiguration;
			buildSettings = {
				ALWAYS_SEARCH_USER_PATHS = NO;
				ASSETCATALOG_COMPILER_GENERATE_SWIFT_ASSET_SYMBOL_EXTENSIONS = YES;
				CLANG_ANALYZER_LOCALIZABILITY_NONLOCALIZED = YES;
				CLANG_ANALYZER_NONNULL = YES;
				CLANG_ANALYZER_NUMBER_OBJECT_CONVERSION = YES_AGGRESSIVE;
				CLANG_CXX_LANGUAGE_STANDARD = "gnu++20";
				CLANG_ENABLE_MODULES = YES;
				CLANG_ENABLE_OBJC_ARC = YES;
				CLANG_ENABLE_OBJC_WEAK = YES;
				CLANG_WARN_BLOCK_CAPTURE_AUTORELEASING = YES;
				CLANG_WARN_BOOL_CONVERSION = YES;
				CLANG_WARN_COMMA = YES;
				CLANG_WARN_CONSTANT_CONVERSION = YES;
				CLANG_WARN_DEPRECATED_OBJC_IMPLEMENTATIONS = YES;
				CLANG_WARN_DIRECT_OBJC_ISA_USAGE = YES_ERROR;
				CLANG_WARN_DOCUMENTATION_COMMENTS = YES;
				CLANG_WARN_EMPTY_BODY = YES;
				CLANG_WARN_ENUM_CONVERSION = YES;
				CLANG_WARN_INFINITE_RECURSION = YES;
				CLANG_WARN_INT_CONVERSION = YES;
				CLANG_WARN_NON_LITERAL_NULL_CONVERSION = YES;
				CLANG_WARN_OBJC_IMPLICIT_RETAIN_SELF = YES;
				CLANG_WARN_OBJC_LITERAL_CONVERSION = YES;
				CLANG_WARN_OBJC_ROOT_CLASS = YES_ERROR;
				CLANG_WARN_QUOTED_INCLUDE_IN_FRAMEWORK_HEADER = YES;
				CLANG_WARN_RANGE_LOOP_ANALYSIS = YES;
				CLANG_WARN_STRICT_PROTOTYPES = YES;
				CLANG_WARN_SUSPICIOUS_MOVE = YES;
				CLANG_WARN_UNGUARDED_AVAILABILITY = YES_AGGRESSIVE;
				CLANG_WARN_UNREACHABLE_CODE = YES;
				CLANG_WARN__DUPLICATE_METHOD_MATCH = YES;
				COPY_PHASE_STRIP = NO;
				DEBUG_INFORMATION_FORMAT = dwarf;
				ENABLE_STRICT_OBJC_MSGSEND = YES;
				ENABLE_TESTABILITY = YES;
				ENABLE_USER_SCRIPT_SANDBOXING = YES;
				GCC_C_LANGUAGE_STANDARD = gnu17;
				GCC_DYNAMIC_NO_PIC = NO;
				GCC_NO_COMMON_BLOCKS = YES;
				GCC_OPTIMIZATION_LEVEL = 0;
				GCC_PREPROCESSOR_DEFINITIONS = (
					"DEBUG=1",
					"$(inherited)",
				);
				GCC_WARN_64_TO_32_BIT_CONVERSION = YES;
				GCC_WARN_ABOUT_RETURN_TYPE = YES_ERROR;
				GCC_WARN_UNDECLARED_SELECTOR = YES;
				GCC_WARN_UNINITIALIZED_AUTOS = YES_AGGRESSIVE;
				GCC_WARN_UNUSED_FUNCTION = YES;
				GCC_WARN_UNUSED_VARIABLE = YES;
				IPHONEOS_DEPLOYMENT_TARGET = 16.2;
				LOCALIZATION_PREFERS_STRING_CATALOGS = YES;
				MTL_ENABLE_DEBUG_INFO = INCLUDE_SOURCE;
				MTL_FAST_MATH = YES;
				ONLY_ACTIVE_ARCH = YES;
				SDKROOT = iphoneos;
				SWIFT_ACTIVE_COMPILATION_CONDITIONS = "DEBUG $(inherited)";
				SWIFT_OPTIMIZATION_LEVEL = "-Onone";
			};
			name = Debug;
		};
		E81821162B45B8270022368D /* Release */ = {
			isa = XCBuildConfiguration;
			buildSettings = {
				ALWAYS_SEARCH_USER_PATHS = NO;
				ASSETCATALOG_COMPILER_GENERATE_SWIFT_ASSET_SYMBOL_EXTENSIONS = YES;
				CLANG_ANALYZER_LOCALIZABILITY_NONLOCALIZED = YES;
				CLANG_ANALYZER_NONNULL = YES;
				CLANG_ANALYZER_NUMBER_OBJECT_CONVERSION = YES_AGGRESSIVE;
				CLANG_CXX_LANGUAGE_STANDARD = "gnu++20";
				CLANG_ENABLE_MODULES = YES;
				CLANG_ENABLE_OBJC_ARC = YES;
				CLANG_ENABLE_OBJC_WEAK = YES;
				CLANG_WARN_BLOCK_CAPTURE_AUTORELEASING = YES;
				CLANG_WARN_BOOL_CONVERSION = YES;
				CLANG_WARN_COMMA = YES;
				CLANG_WARN_CONSTANT_CONVERSION = YES;
				CLANG_WARN_DEPRECATED_OBJC_IMPLEMENTATIONS = YES;
				CLANG_WARN_DIRECT_OBJC_ISA_USAGE = YES_ERROR;
				CLANG_WARN_DOCUMENTATION_COMMENTS = YES;
				CLANG_WARN_EMPTY_BODY = YES;
				CLANG_WARN_ENUM_CONVERSION = YES;
				CLANG_WARN_INFINITE_RECURSION = YES;
				CLANG_WARN_INT_CONVERSION = YES;
				CLANG_WARN_NON_LITERAL_NULL_CONVERSION = YES;
				CLANG_WARN_OBJC_IMPLICIT_RETAIN_SELF = YES;
				CLANG_WARN_OBJC_LITERAL_CONVERSION = YES;
				CLANG_WARN_OBJC_ROOT_CLASS = YES_ERROR;
				CLANG_WARN_QUOTED_INCLUDE_IN_FRAMEWORK_HEADER = YES;
				CLANG_WARN_RANGE_LOOP_ANALYSIS = YES;
				CLANG_WARN_STRICT_PROTOTYPES = YES;
				CLANG_WARN_SUSPICIOUS_MOVE = YES;
				CLANG_WARN_UNGUARDED_AVAILABILITY = YES_AGGRESSIVE;
				CLANG_WARN_UNREACHABLE_CODE = YES;
				CLANG_WARN__DUPLICATE_METHOD_MATCH = YES;
				COPY_PHASE_STRIP = NO;
				DEBUG_INFORMATION_FORMAT = "dwarf-with-dsym";
				ENABLE_NS_ASSERTIONS = NO;
				ENABLE_STRICT_OBJC_MSGSEND = YES;
				ENABLE_USER_SCRIPT_SANDBOXING = YES;
				GCC_C_LANGUAGE_STANDARD = gnu17;
				GCC_NO_COMMON_BLOCKS = YES;
				GCC_WARN_64_TO_32_BIT_CONVERSION = YES;
				GCC_WARN_ABOUT_RETURN_TYPE = YES_ERROR;
				GCC_WARN_UNDECLARED_SELECTOR = YES;
				GCC_WARN_UNINITIALIZED_AUTOS = YES_AGGRESSIVE;
				GCC_WARN_UNUSED_FUNCTION = YES;
				GCC_WARN_UNUSED_VARIABLE = YES;
				IPHONEOS_DEPLOYMENT_TARGET = 16.2;
				LOCALIZATION_PREFERS_STRING_CATALOGS = YES;
				MTL_ENABLE_DEBUG_INFO = NO;
				MTL_FAST_MATH = YES;
				SDKROOT = iphoneos;
				SWIFT_COMPILATION_MODE = wholemodule;
				VALIDATE_PRODUCT = YES;
			};
			name = Release;
		};
		E81821182B45B8270022368D /* Debug */ = {
			isa = XCBuildConfiguration;
			baseConfigurationReference = 48AD81F4A9DD813C4847ECF9 /* Pods-Timer.debug.xcconfig */;
			buildSettings = {
				ALWAYS_EMBED_SWIFT_STANDARD_LIBRARIES = YES;
				ASSETCATALOG_COMPILER_APPICON_NAME = AppIcon;
				ASSETCATALOG_COMPILER_GLOBAL_ACCENT_COLOR_NAME = AccentColor;
				CODE_SIGN_STYLE = Automatic;
				CURRENT_PROJECT_VERSION = 202403060001;
				DEVELOPMENT_TEAM = K7Y7L52Z4E;
				ENABLE_USER_SCRIPT_SANDBOXING = NO;
				GENERATE_INFOPLIST_FILE = YES;
				INFOPLIST_FILE = Timer/Info.plist;
				INFOPLIST_KEY_NSSupportsLiveActivities = YES;
				INFOPLIST_KEY_UIApplicationSupportsIndirectInputEvents = YES;
				INFOPLIST_KEY_UILaunchStoryboardName = LaunchScreen;
				INFOPLIST_KEY_UIMainStoryboardFile = Main;
				INFOPLIST_KEY_UIStatusBarHidden = YES;
				INFOPLIST_KEY_UISupportedInterfaceOrientations = "UIInterfaceOrientationPortrait UIInterfaceOrientationPortraitUpsideDown";
				INFOPLIST_KEY_UISupportedInterfaceOrientations_iPad = UIInterfaceOrientationPortrait;
				IPHONEOS_DEPLOYMENT_TARGET = 16.2;
				LD_RUNPATH_SEARCH_PATHS = (
					"$(inherited)",
					"@executable_path/Frameworks",
				);
				MARKETING_VERSION = 1.0.0;
				PRODUCT_BUNDLE_IDENTIFIER = com.page.timer.Timer;
				PRODUCT_NAME = "$(TARGET_NAME)";
				SUPPORTED_PLATFORMS = "iphoneos iphonesimulator";
				SUPPORTS_MACCATALYST = NO;
				SWIFT_EMIT_LOC_STRINGS = YES;
				SWIFT_VERSION = 5.0;
				TARGETED_DEVICE_FAMILY = 1;
			};
			name = Debug;
		};
		E81821192B45B8270022368D /* Release */ = {
			isa = XCBuildConfiguration;
			baseConfigurationReference = 81778ED9ED8BC79E83D9FBCD /* Pods-Timer.release.xcconfig */;
			buildSettings = {
				ALWAYS_EMBED_SWIFT_STANDARD_LIBRARIES = YES;
				ASSETCATALOG_COMPILER_APPICON_NAME = AppIcon;
				ASSETCATALOG_COMPILER_GLOBAL_ACCENT_COLOR_NAME = AccentColor;
				CODE_SIGN_STYLE = Automatic;
				CURRENT_PROJECT_VERSION = 202403060001;
				DEVELOPMENT_TEAM = K7Y7L52Z4E;
				ENABLE_USER_SCRIPT_SANDBOXING = NO;
				GENERATE_INFOPLIST_FILE = YES;
				INFOPLIST_FILE = Timer/Info.plist;
				INFOPLIST_KEY_NSSupportsLiveActivities = YES;
				INFOPLIST_KEY_UIApplicationSupportsIndirectInputEvents = YES;
				INFOPLIST_KEY_UILaunchStoryboardName = LaunchScreen;
				INFOPLIST_KEY_UIMainStoryboardFile = Main;
				INFOPLIST_KEY_UIStatusBarHidden = YES;
				INFOPLIST_KEY_UISupportedInterfaceOrientations = "UIInterfaceOrientationPortrait UIInterfaceOrientationPortraitUpsideDown";
				INFOPLIST_KEY_UISupportedInterfaceOrientations_iPad = UIInterfaceOrientationPortrait;
				IPHONEOS_DEPLOYMENT_TARGET = 16.2;
				LD_RUNPATH_SEARCH_PATHS = (
					"$(inherited)",
					"@executable_path/Frameworks",
				);
				MARKETING_VERSION = 1.0.0;
				PRODUCT_BUNDLE_IDENTIFIER = com.page.timer.Timer;
				PRODUCT_NAME = "$(TARGET_NAME)";
				SUPPORTED_PLATFORMS = "iphoneos iphonesimulator";
				SUPPORTS_MACCATALYST = NO;
				SWIFT_EMIT_LOC_STRINGS = YES;
				SWIFT_VERSION = 5.0;
				TARGETED_DEVICE_FAMILY = 1;
			};
			name = Release;
		};
		E81821382B45B89B0022368D /* Debug */ = {
			isa = XCBuildConfiguration;
			buildSettings = {
				ASSETCATALOG_COMPILER_GLOBAL_ACCENT_COLOR_NAME = AccentColor;
				ASSETCATALOG_COMPILER_WIDGET_BACKGROUND_COLOR_NAME = WidgetBackground;
				CODE_SIGN_STYLE = Automatic;
				CURRENT_PROJECT_VERSION = 1;
				DEVELOPMENT_TEAM = K7Y7L52Z4E;
				GENERATE_INFOPLIST_FILE = YES;
				INFOPLIST_FILE = MTLiveWidget/Info.plist;
				INFOPLIST_KEY_CFBundleDisplayName = MTLiveWidget;
				INFOPLIST_KEY_NSHumanReadableCopyright = "";
				IPHONEOS_DEPLOYMENT_TARGET = 16.2;
				LD_RUNPATH_SEARCH_PATHS = (
					"$(inherited)",
					"@executable_path/Frameworks",
					"@executable_path/../../Frameworks",
				);
				MARKETING_VERSION = 1.0;
				PRODUCT_BUNDLE_IDENTIFIER = com.page.timer.Timer.widget;
				PRODUCT_NAME = "$(TARGET_NAME)";
				SKIP_INSTALL = YES;
				SWIFT_EMIT_LOC_STRINGS = YES;
				SWIFT_VERSION = 5.0;
				TARGETED_DEVICE_FAMILY = "1,2";
			};
			name = Debug;
		};
		E81821392B45B89B0022368D /* Release */ = {
			isa = XCBuildConfiguration;
			buildSettings = {
				ASSETCATALOG_COMPILER_GLOBAL_ACCENT_COLOR_NAME = AccentColor;
				ASSETCATALOG_COMPILER_WIDGET_BACKGROUND_COLOR_NAME = WidgetBackground;
				CODE_SIGN_STYLE = Automatic;
				CURRENT_PROJECT_VERSION = 1;
				DEVELOPMENT_TEAM = K7Y7L52Z4E;
				GENERATE_INFOPLIST_FILE = YES;
				INFOPLIST_FILE = MTLiveWidget/Info.plist;
				INFOPLIST_KEY_CFBundleDisplayName = MTLiveWidget;
				INFOPLIST_KEY_NSHumanReadableCopyright = "";
				IPHONEOS_DEPLOYMENT_TARGET = 16.2;
				LD_RUNPATH_SEARCH_PATHS = (
					"$(inherited)",
					"@executable_path/Frameworks",
					"@executable_path/../../Frameworks",
				);
				MARKETING_VERSION = 1.0;
				PRODUCT_BUNDLE_IDENTIFIER = com.page.timer.Timer.widget;
				PRODUCT_NAME = "$(TARGET_NAME)";
				SKIP_INSTALL = YES;
				SWIFT_EMIT_LOC_STRINGS = YES;
				SWIFT_VERSION = 5.0;
				TARGETED_DEVICE_FAMILY = "1,2";
			};
			name = Release;
		};
/* End XCBuildConfiguration section */

/* Begin XCConfigurationList section */
		E81820E82B45B8260022368D /* Build configuration list for PBXProject "Timer" */ = {
			isa = XCConfigurationList;
			buildConfigurations = (
				E81821152B45B8270022368D /* Debug */,
				E81821162B45B8270022368D /* Release */,
			);
			defaultConfigurationIsVisible = 0;
			defaultConfigurationName = Release;
		};
		E81821172B45B8270022368D /* Build configuration list for PBXNativeTarget "Timer" */ = {
			isa = XCConfigurationList;
			buildConfigurations = (
				E81821182B45B8270022368D /* Debug */,
				E81821192B45B8270022368D /* Release */,
			);
			defaultConfigurationIsVisible = 0;
			defaultConfigurationName = Release;
		};
		E81821372B45B89B0022368D /* Build configuration list for PBXNativeTarget "MTLiveWidgetExtension" */ = {
			isa = XCConfigurationList;
			buildConfigurations = (
				E81821382B45B89B0022368D /* Debug */,
				E81821392B45B89B0022368D /* Release */,
			);
			defaultConfigurationIsVisible = 0;
			defaultConfigurationName = Release;
		};
/* End XCConfigurationList section */
	};
	rootObject = E81820E52B45B8260022368D /* Project object */;
}
