// !$*UTF8*$!
{
	archiveVersion = 1;
	classes = {
	};
	objectVersion = 56;
	objects = {

/* Begin PBXBuildFile section */
		2AA00B70F738E5448EEE62F6 /* libPods-Timer.a in Frameworks */ = {isa = PBXBuildFile; fileRef = AC6ACFEAC2360161ED934E08 /* libPods-Timer.a */; };
		E8153BE42B85A42F00D74130 /* TMTimerRunManager.swift in Sources */ = {isa = PBXBuildFile; fileRef = E8153BE32B85A42F00D74130 /* TMTimerRunManager.swift */; };
		E8153BE82B85AA4F00D74130 /* TMTimer.ttf in Resources */ = {isa = PBXBuildFile; fileRef = E8153BE72B85AA4F00D74130 /* TMTimer.ttf */; };
		E8153BEB2B85AC6900D74130 /* String+Category.swift in Sources */ = {isa = PBXBuildFile; fileRef = E8153BEA2B85AC6900D74130 /* String+Category.swift */; };
		E81820F12B45B8260022368D /* AppDelegate.swift in Sources */ = {isa = PBXBuildFile; fileRef = E81820F02B45B8260022368D /* AppDelegate.swift */; };
		E81820F82B45B8260022368D /* Main.storyboard in Resources */ = {isa = PBXBuildFile; fileRef = E81820F62B45B8260022368D /* Main.storyboard */; };
		E81820FA2B45B8270022368D /* Assets.xcassets in Resources */ = {isa = PBXBuildFile; fileRef = E81820F92B45B8270022368D /* Assets.xcassets */; };
		E81820FD2B45B8270022368D /* LaunchScreen.storyboard in Resources */ = {isa = PBXBuildFile; fileRef = E81820FB2B45B8270022368D /* LaunchScreen.storyboard */; };
		E81821272B45B89A0022368D /* WidgetKit.framework in Frameworks */ = {isa = PBXBuildFile; fileRef = E81821262B45B89A0022368D /* WidgetKit.framework */; };
		E81821292B45B89A0022368D /* SwiftUI.framework in Frameworks */ = {isa = PBXBuildFile; fileRef = E81821282B45B89A0022368D /* SwiftUI.framework */; };
		E818212C2B45B89A0022368D /* MTLiveWidgetBundle.swift in Sources */ = {isa = PBXBuildFile; fileRef = E818212B2B45B89A0022368D /* MTLiveWidgetBundle.swift */; };
		E818212E2B45B89A0022368D /* MTLiveWidgetLiveActivity.swift in Sources */ = {isa = PBXBuildFile; fileRef = E818212D2B45B89A0022368D /* MTLiveWidgetLiveActivity.swift */; };
		E81821302B45B89A0022368D /* MTLiveWidget.swift in Sources */ = {isa = PBXBuildFile; fileRef = E818212F2B45B89A0022368D /* MTLiveWidget.swift */; };
		E81821322B45B89B0022368D /* Assets.xcassets in Resources */ = {isa = PBXBuildFile; fileRef = E81821312B45B89B0022368D /* Assets.xcassets */; };
		E81821362B45B89B0022368D /* MTLiveWidgetExtension.appex in Embed Foundation Extensions */ = {isa = PBXBuildFile; fileRef = E81821242B45B89A0022368D /* MTLiveWidgetExtension.appex */; settings = {ATTRIBUTES = (RemoveHeadersOnCopy, ); }; };
		E818213C2B45B8B30022368D /* TMTimerManager.swift in Sources */ = {isa = PBXBuildFile; fileRef = E818213B2B45B8B30022368D /* TMTimerManager.swift */; };
		E818213D2B45B8B30022368D /* TMTimerManager.swift in Sources */ = {isa = PBXBuildFile; fileRef = E818213B2B45B8B30022368D /* TMTimerManager.swift */; };
		E818213F2B45BAFA0022368D /* MTLiveWidgetLiveActivity.swift in Sources */ = {isa = PBXBuildFile; fileRef = E818212D2B45B89A0022368D /* MTLiveWidgetLiveActivity.swift */; };
		E856267A2B86DE9F00053DB9 /* TMWidgetTimer.ttf in Resources */ = {isa = PBXBuildFile; fileRef = E85626792B86DE9F00053DB9 /* TMWidgetTimer.ttf */; };
		E856267B2B86E24400053DB9 /* TMWidgetTimer.ttf in Resources */ = {isa = PBXBuildFile; fileRef = E85626792B86DE9F00053DB9 /* TMWidgetTimer.ttf */; };
		E85626802B86E29C00053DB9 /* TMNeonClockViewController.swift in Sources */ = {isa = PBXBuildFile; fileRef = E856267D2B86E29C00053DB9 /* TMNeonClockViewController.swift */; };
		E85626812B86E29C00053DB9 /* TMBlackWhiteClockViewController.swift in Sources */ = {isa = PBXBuildFile; fileRef = E856267F2B86E29C00053DB9 /* TMBlackWhiteClockViewController.swift */; };
		E85626832B86E2B800053DB9 /* TMNeonClockView.swift in Sources */ = {isa = PBXBuildFile; fileRef = E85626822B86E2B800053DB9 /* TMNeonClockView.swift */; };
		E85626852B86E41800053DB9 /* TMNeonTextFieldView.swift in Sources */ = {isa = PBXBuildFile; fileRef = E85626842B86E41800053DB9 /* TMNeonTextFieldView.swift */; };
		E85626882B86E75A00053DB9 /* InfoPlist.strings in Resources */ = {isa = PBXBuildFile; fileRef = E856268A2B86E75A00053DB9 /* InfoPlist.strings */; };
		E856268F2B86E7DD00053DB9 /* Localizable.strings in Resources */ = {isa = PBXBuildFile; fileRef = E85626912B86E7DD00053DB9 /* Localizable.strings */; };
		E85626952B871B4900053DB9 /* TMNeonIconView.swift in Sources */ = {isa = PBXBuildFile; fileRef = E85626942B871B4900053DB9 /* TMNeonIconView.swift */; };
		E8579C9C2B46CD4C00DCE5E8 /* Main.storyboard in Resources */ = {isa = PBXBuildFile; fileRef = E81820F62B45B8260022368D /* Main.storyboard */; };
		E8822EFF2B85D11E00471E5A /* Date+Category.swift in Sources */ = {isa = PBXBuildFile; fileRef = E8822EFE2B85D11E00471E5A /* Date+Category.swift */; };
		E8C7CD7F2B85FCC800A87087 /* TMMontionManager.swift in Sources */ = {isa = PBXBuildFile; fileRef = E8C7CD7E2B85FCC800A87087 /* TMMontionManager.swift */; };
		E8C7CD812B85FD8300A87087 /* TMDelegateManager.swift in Sources */ = {isa = PBXBuildFile; fileRef = E8C7CD802B85FD8300A87087 /* TMDelegateManager.swift */; };
		E8F3AE6F2B85933900B374F1 /* TMBaseViewController.swift in Sources */ = {isa = PBXBuildFile; fileRef = E8F3AE6E2B85933900B374F1 /* TMBaseViewController.swift */; };
		E8F3AE712B85934900B374F1 /* TMMainViewController.swift in Sources */ = {isa = PBXBuildFile; fileRef = E8F3AE702B85934900B374F1 /* TMMainViewController.swift */; };
		E8F3AE732B8596CA00B374F1 /* TMConfigPrefix.swift in Sources */ = {isa = PBXBuildFile; fileRef = E8F3AE722B8596CA00B374F1 /* TMConfigPrefix.swift */; };
		E8F3AE752B85976400B374F1 /* TMBasePageViewController.swift in Sources */ = {isa = PBXBuildFile; fileRef = E8F3AE742B85976400B374F1 /* TMBasePageViewController.swift */; };
/* End PBXBuildFile section */

/* Begin PBXContainerItemProxy section */
		E81821342B45B89B0022368D /* PBXContainerItemProxy */ = {
			isa = PBXContainerItemProxy;
			containerPortal = E81820E52B45B8260022368D /* Project object */;
			proxyType = 1;
			remoteGlobalIDString = E81821232B45B89A0022368D;
			remoteInfo = MTLiveWidgetExtension;
		};
/* End PBXContainerItemProxy section */

/* Begin PBXCopyFilesBuildPhase section */
		E818213A2B45B89B0022368D /* Embed Foundation Extensions */ = {
			isa = PBXCopyFilesBuildPhase;
			buildActionMask = 2147483647;
			dstPath = "";
			dstSubfolderSpec = 13;
			files = (
				E81821362B45B89B0022368D /* MTLiveWidgetExtension.appex in Embed Foundation Extensions */,
			);
			name = "Embed Foundation Extensions";
			runOnlyForDeploymentPostprocessing = 0;
		};
/* End PBXCopyFilesBuildPhase section */

/* Begin PBXFileReference section */
		48AD81F4A9DD813C4847ECF9 /* Pods-Timer.debug.xcconfig */ = {isa = PBXFileReference; includeInIndex = 1; lastKnownFileType = text.xcconfig; name = "Pods-Timer.debug.xcconfig"; path = "Target Support Files/Pods-Timer/Pods-Timer.debug.xcconfig"; sourceTree = "<group>"; };
		81778ED9ED8BC79E83D9FBCD /* Pods-Timer.release.xcconfig */ = {isa = PBXFileReference; includeInIndex = 1; lastKnownFileType = text.xcconfig; name = "Pods-Timer.release.xcconfig"; path = "Target Support Files/Pods-Timer/Pods-Timer.release.xcconfig"; sourceTree = "<group>"; };
		AC6ACFEAC2360161ED934E08 /* libPods-Timer.a */ = {isa = PBXFileReference; explicitFileType = archive.ar; includeInIndex = 0; path = "libPods-Timer.a"; sourceTree = BUILT_PRODUCTS_DIR; };
		E8153BE32B85A42F00D74130 /* TMTimerRunManager.swift */ = {isa = PBXFileReference; lastKnownFileType = sourcecode.swift; path = TMTimerRunManager.swift; sourceTree = "<group>"; };
		E8153BE72B85AA4F00D74130 /* TMTimer.ttf */ = {isa = PBXFileReference; lastKnownFileType = file; path = TMTimer.ttf; sourceTree = "<group>"; };
		E8153BEA2B85AC6900D74130 /* String+Category.swift */ = {isa = PBXFileReference; lastKnownFileType = sourcecode.swift; path = "String+Category.swift"; sourceTree = "<group>"; };
		E81820ED2B45B8260022368D /* Timer.app */ = {isa = PBXFileReference; explicitFileType = wrapper.application; includeInIndex = 0; path = Timer.app; sourceTree = BUILT_PRODUCTS_DIR; };
		E81820F02B45B8260022368D /* AppDelegate.swift */ = {isa = PBXFileReference; lastKnownFileType = sourcecode.swift; path = AppDelegate.swift; sourceTree = "<group>"; };
		E81820F72B45B8260022368D /* Base */ = {isa = PBXFileReference; lastKnownFileType = file.storyboard; name = Base; path = Base.lproj/Main.storyboard; sourceTree = "<group>"; };
		E81820F92B45B8270022368D /* Assets.xcassets */ = {isa = PBXFileReference; lastKnownFileType = folder.assetcatalog; path = Assets.xcassets; sourceTree = "<group>"; };
		E81820FC2B45B8270022368D /* Base */ = {isa = PBXFileReference; lastKnownFileType = file.storyboard; name = Base; path = Base.lproj/LaunchScreen.storyboard; sourceTree = "<group>"; };
		E81820FE2B45B8270022368D /* Info.plist */ = {isa = PBXFileReference; lastKnownFileType = text.plist.xml; path = Info.plist; sourceTree = "<group>"; };
		E81821242B45B89A0022368D /* MTLiveWidgetExtension.appex */ = {isa = PBXFileReference; explicitFileType = "wrapper.app-extension"; includeInIndex = 0; path = MTLiveWidgetExtension.appex; sourceTree = BUILT_PRODUCTS_DIR; };
		E81821262B45B89A0022368D /* WidgetKit.framework */ = {isa = PBXFileReference; lastKnownFileType = wrapper.framework; name = WidgetKit.framework; path = System/Library/Frameworks/WidgetKit.framework; sourceTree = SDKROOT; };
		E81821282B45B89A0022368D /* SwiftUI.framework */ = {isa = PBXFileReference; lastKnownFileType = wrapper.framework; name = SwiftUI.framework; path = System/Library/Frameworks/SwiftUI.framework; sourceTree = SDKROOT; };
		E818212B2B45B89A0022368D /* MTLiveWidgetBundle.swift */ = {isa = PBXFileReference; lastKnownFileType = sourcecode.swift; path = MTLiveWidgetBundle.swift; sourceTree = "<group>"; };
		E818212D2B45B89A0022368D /* MTLiveWidgetLiveActivity.swift */ = {isa = PBXFileReference; lastKnownFileType = sourcecode.swift; path = MTLiveWidgetLiveActivity.swift; sourceTree = "<group>"; };
		E818212F2B45B89A0022368D /* MTLiveWidget.swift */ = {isa = PBXFileReference; lastKnownFileType = sourcecode.swift; path = MTLiveWidget.swift; sourceTree = "<group>"; };
		E81821312B45B89B0022368D /* Assets.xcassets */ = {isa = PBXFileReference; lastKnownFileType = folder.assetcatalog; path = Assets.xcassets; sourceTree = "<group>"; };
		E81821332B45B89B0022368D /* Info.plist */ = {isa = PBXFileReference; lastKnownFileType = text.plist.xml; path = Info.plist; sourceTree = "<group>"; };
		E818213B2B45B8B30022368D /* TMTimerManager.swift */ = {isa = PBXFileReference; lastKnownFileType = sourcecode.swift; path = TMTimerManager.swift; sourceTree = "<group>"; };
		E85626792B86DE9F00053DB9 /* TMWidgetTimer.ttf */ = {isa = PBXFileReference; lastKnownFileType = file; path = TMWidgetTimer.ttf; sourceTree = "<group>"; };
		E856267D2B86E29C00053DB9 /* TMNeonClockViewController.swift */ = {isa = PBXFileReference; fileEncoding = 4; lastKnownFileType = sourcecode.swift; path = TMNeonClockViewController.swift; sourceTree = "<group>"; };
		E856267F2B86E29C00053DB9 /* TMBlackWhiteClockViewController.swift */ = {isa = PBXFileReference; fileEncoding = 4; lastKnownFileType = sourcecode.swift; path = TMBlackWhiteClockViewController.swift; sourceTree = "<group>"; };
		E85626822B86E2B800053DB9 /* TMNeonClockView.swift */ = {isa = PBXFileReference; lastKnownFileType = sourcecode.swift; path = TMNeonClockView.swift; sourceTree = "<group>"; };
		E85626842B86E41800053DB9 /* TMNeonTextFieldView.swift */ = {isa = PBXFileReference; lastKnownFileType = sourcecode.swift; path = TMNeonTextFieldView.swift; sourceTree = "<group>"; };
		E85626892B86E75A00053DB9 /* en */ = {isa = PBXFileReference; lastKnownFileType = text.plist.strings; name = en; path = en.lproj/InfoPlist.strings; sourceTree = "<group>"; };
		E856268B2B86E75C00053DB9 /* zh-Hans */ = {isa = PBXFileReference; lastKnownFileType = text.plist.strings; name = "zh-Hans"; path = "zh-Hans.lproj/InfoPlist.strings"; sourceTree = "<group>"; };
		E856268C2B86E75D00053DB9 /* zh-Hant */ = {isa = PBXFileReference; lastKnownFileType = text.plist.strings; name = "zh-Hant"; path = "zh-Hant.lproj/InfoPlist.strings"; sourceTree = "<group>"; };
		E85626902B86E7DD00053DB9 /* en */ = {isa = PBXFileReference; lastKnownFileType = text.plist.strings; name = en; path = en.lproj/Localizable.strings; sourceTree = "<group>"; };
		E85626922B86E7DF00053DB9 /* zh-Hant */ = {isa = PBXFileReference; lastKnownFileType = text.plist.strings; name = "zh-Hant"; path = "zh-Hant.lproj/Localizable.strings"; sourceTree = "<group>"; };
		E85626932B86E7E200053DB9 /* zh-Hans */ = {isa = PBXFileReference; lastKnownFileType = text.plist.strings; name = "zh-Hans"; path = "zh-Hans.lproj/Localizable.strings"; sourceTree = "<group>"; };
		E85626942B871B4900053DB9 /* TMNeonIconView.swift */ = {isa = PBXFileReference; lastKnownFileType = sourcecode.swift; path = TMNeonIconView.swift; sourceTree = "<group>"; };
		E8579C9A2B46BA0600DCE5E8 /* zh-Hant */ = {isa = PBXFileReference; lastKnownFileType = text.plist.strings; name = "zh-Hant"; path = "zh-Hant.lproj/Main.strings"; sourceTree = "<group>"; };
		E8579C9B2B46BA0700DCE5E8 /* zh-Hant */ = {isa = PBXFileReference; lastKnownFileType = text.plist.strings; name = "zh-Hant"; path = "zh-Hant.lproj/LaunchScreen.strings"; sourceTree = "<group>"; };
		E8579C9E2B46CD5100DCE5E8 /* en */ = {isa = PBXFileReference; lastKnownFileType = text.plist.strings; name = en; path = en.lproj/Main.strings; sourceTree = "<group>"; };
		E8579CA02B46CD5C00DCE5E8 /* en */ = {isa = PBXFileReference; lastKnownFileType = text.plist.strings; name = en; path = en.lproj/LaunchScreen.strings; sourceTree = "<group>"; };
		E8822EFE2B85D11E00471E5A /* Date+Category.swift */ = {isa = PBXFileReference; lastKnownFileType = sourcecode.swift; path = "Date+Category.swift"; sourceTree = "<group>"; };
		E8C7CD7E2B85FCC800A87087 /* TMMontionManager.swift */ = {isa = PBXFileReference; lastKnownFileType = sourcecode.swift; path = TMMontionManager.swift; sourceTree = "<group>"; };
		E8C7CD802B85FD8300A87087 /* TMDelegateManager.swift */ = {isa = PBXFileReference; lastKnownFileType = sourcecode.swift; path = TMDelegateManager.swift; sourceTree = "<group>"; };
		E8EE88BD2B46B92C00597769 /* zh-Hans */ = {isa = PBXFileReference; lastKnownFileType = text.plist.strings; name = "zh-Hans"; path = "zh-Hans.lproj/Main.strings"; sourceTree = "<group>"; };
		E8EE88BE2B46B92C00597769 /* zh-Hans */ = {isa = PBXFileReference; lastKnownFileType = text.plist.strings; name = "zh-Hans"; path = "zh-Hans.lproj/LaunchScreen.strings"; sourceTree = "<group>"; };
		E8F3AE6E2B85933900B374F1 /* TMBaseViewController.swift */ = {isa = PBXFileReference; lastKnownFileType = sourcecode.swift; path = TMBaseViewController.swift; sourceTree = "<group>"; };
		E8F3AE702B85934900B374F1 /* TMMainViewController.swift */ = {isa = PBXFileReference; lastKnownFileType = sourcecode.swift; path = TMMainViewController.swift; sourceTree = "<group>"; };
		E8F3AE722B8596CA00B374F1 /* TMConfigPrefix.swift */ = {isa = PBXFileReference; lastKnownFileType = sourcecode.swift; path = TMConfigPrefix.swift; sourceTree = "<group>"; };
		E8F3AE742B85976400B374F1 /* TMBasePageViewController.swift */ = {isa = PBXFileReference; lastKnownFileType = sourcecode.swift; path = TMBasePageViewController.swift; sourceTree = "<group>"; };
/* End PBXFileReference section */

/* Begin PBXFrameworksBuildPhase section */
		E81820EA2B45B8260022368D /* Frameworks */ = {
			isa = PBXFrameworksBuildPhase;
			buildActionMask = 2147483647;
			files = (
				2AA00B70F738E5448EEE62F6 /* libPods-Timer.a in Frameworks */,
			);
			runOnlyForDeploymentPostprocessing = 0;
		};
		E81821212B45B89A0022368D /* Frameworks */ = {
			isa = PBXFrameworksBuildPhase;
			buildActionMask = 2147483647;
			files = (
				E81821292B45B89A0022368D /* SwiftUI.framework in Frameworks */,
				E81821272B45B89A0022368D /* WidgetKit.framework in Frameworks */,
			);
			runOnlyForDeploymentPostprocessing = 0;
		};
/* End PBXFrameworksBuildPhase section */

/* Begin PBXGroup section */
		B141F264511127166D3EEE42 /* Pods */ = {
			isa = PBXGroup;
			children = (
				48AD81F4A9DD813C4847ECF9 /* Pods-Timer.debug.xcconfig */,
				81778ED9ED8BC79E83D9FBCD /* Pods-Timer.release.xcconfig */,
			);
			path = Pods;
			sourceTree = "<group>";
		};
		E8153BE22B85A41700D74130 /* Timer */ = {
			isa = PBXGroup;
			children = (
				E8153BE32B85A42F00D74130 /* TMTimerRunManager.swift */,
			);
			path = Timer;
			sourceTree = "<group>";
		};
		E8153BE62B85AA4F00D74130 /* Font */ = {
			isa = PBXGroup;
			children = (
				E8153BE72B85AA4F00D74130 /* TMTimer.ttf */,
			);
			path = Font;
			sourceTree = "<group>";
		};
		E8153BE92B85AC4100D74130 /* Expand */ = {
			isa = PBXGroup;
			children = (
				E8153BEA2B85AC6900D74130 /* String+Category.swift */,
				E8822EFE2B85D11E00471E5A /* Date+Category.swift */,
			);
			path = Expand;
			sourceTree = "<group>";
		};
		E81820E42B45B8260022368D = {
			isa = PBXGroup;
			children = (
				E81820EF2B45B8260022368D /* Timer */,
				E818212A2B45B89A0022368D /* MTLiveWidget */,
				E81821252B45B89A0022368D /* Frameworks */,
				E81820EE2B45B8260022368D /* Products */,
				B141F264511127166D3EEE42 /* Pods */,
			);
			sourceTree = "<group>";
		};
		E81820EE2B45B8260022368D /* Products */ = {
			isa = PBXGroup;
			children = (
				E81820ED2B45B8260022368D /* Timer.app */,
				E81821242B45B89A0022368D /* MTLiveWidgetExtension.appex */,
			);
			name = Products;
			sourceTree = "<group>";
		};
		E81820EF2B45B8260022368D /* Timer */ = {
			isa = PBXGroup;
			children = (
				E81820F02B45B8260022368D /* AppDelegate.swift */,
				E8F3AE722B8596CA00B374F1 /* TMConfigPrefix.swift */,
				E8F3AE6E2B85933900B374F1 /* TMBaseViewController.swift */,
				E8C7CD802B85FD8300A87087 /* TMDelegateManager.swift */,
				E8F3AE702B85934900B374F1 /* TMMainViewController.swift */,
				E8153BE92B85AC4100D74130 /* Expand */,
				E8153BE62B85AA4F00D74130 /* Font */,
				E8C7CD7D2B85FCAB00A87087 /* Motion */,
				E8153BE22B85A41700D74130 /* Timer */,
				E8F3AE762B859D7E00B374F1 /* Pages */,
				E81820F62B45B8260022368D /* Main.storyboard */,
				E81820F92B45B8270022368D /* Assets.xcassets */,
				E81820FB2B45B8270022368D /* LaunchScreen.storyboard */,
				E81820FE2B45B8270022368D /* Info.plist */,
				E856268A2B86E75A00053DB9 /* InfoPlist.strings */,
				E85626912B86E7DD00053DB9 /* Localizable.strings */,
			);
			path = Timer;
			sourceTree = "<group>";
		};
		E81821252B45B89A0022368D /* Frameworks */ = {
			isa = PBXGroup;
			children = (
				E81821262B45B89A0022368D /* WidgetKit.framework */,
				E81821282B45B89A0022368D /* SwiftUI.framework */,
				AC6ACFEAC2360161ED934E08 /* libPods-Timer.a */,
			);
			name = Frameworks;
			sourceTree = "<group>";
		};
		E818212A2B45B89A0022368D /* MTLiveWidget */ = {
			isa = PBXGroup;
			children = (
				E85626782B86DE9F00053DB9 /* Font */,
				E818212B2B45B89A0022368D /* MTLiveWidgetBundle.swift */,
				E818213B2B45B8B30022368D /* TMTimerManager.swift */,
				E818212D2B45B89A0022368D /* MTLiveWidgetLiveActivity.swift */,
				E818212F2B45B89A0022368D /* MTLiveWidget.swift */,
				E81821312B45B89B0022368D /* Assets.xcassets */,
				E81821332B45B89B0022368D /* Info.plist */,
			);
			path = MTLiveWidget;
			sourceTree = "<group>";
		};
		E85626782B86DE9F00053DB9 /* Font */ = {
			isa = PBXGroup;
			children = (
				E85626792B86DE9F00053DB9 /* TMWidgetTimer.ttf */,
			);
			path = Font;
			sourceTree = "<group>";
		};
		E856267C2B86E29C00053DB9 /* Neon */ = {
			isa = PBXGroup;
			children = (
				E856267D2B86E29C00053DB9 /* TMNeonClockViewController.swift */,
				E85626822B86E2B800053DB9 /* TMNeonClockView.swift */,
				E85626842B86E41800053DB9 /* TMNeonTextFieldView.swift */,
				E85626942B871B4900053DB9 /* TMNeonIconView.swift */,
			);
			path = Neon;
			sourceTree = "<group>";
		};
		E856267E2B86E29C00053DB9 /* BW */ = {
			isa = PBXGroup;
			children = (
				E856267F2B86E29C00053DB9 /* TMBlackWhiteClockViewController.swift */,
			);
			path = BW;
			sourceTree = "<group>";
		};
		E8C7CD7D2B85FCAB00A87087 /* Motion */ = {
			isa = PBXGroup;
			children = (
				E8C7CD7E2B85FCC800A87087 /* TMMontionManager.swift */,
			);
			path = Motion;
			sourceTree = "<group>";
		};
		E8F3AE762B859D7E00B374F1 /* Pages */ = {
			isa = PBXGroup;
			children = (
				E8F3AE742B85976400B374F1 /* TMBasePageViewController.swift */,
				E856267C2B86E29C00053DB9 /* Neon */,
				E856267E2B86E29C00053DB9 /* BW */,
			);
			path = Pages;
			sourceTree = "<group>";
		};
/* End PBXGroup section */

/* Begin PBXNativeTarget section */
		E81820EC2B45B8260022368D /* Timer */ = {
			isa = PBXNativeTarget;
			buildConfigurationList = E81821172B45B8270022368D /* Build configuration list for PBXNativeTarget "Timer" */;
			buildPhases = (
				0ABE5BFFA65EB1B9D97E9A94 /* [CP] Check Pods Manifest.lock */,
				E81820E92B45B8260022368D /* Sources */,
				E81820EA2B45B8260022368D /* Frameworks */,
				E81820EB2B45B8260022368D /* Resources */,
				E818213A2B45B89B0022368D /* Embed Foundation Extensions */,
				8B63563EA4DF5DFE604CCA0E /* [CP] Copy Pods Resources */,
			);
			buildRules = (
			);
			dependencies = (
				E81821352B45B89B0022368D /* PBXTargetDependency */,
			);
			name = Timer;
			productName = Timer;
			productReference = E81820ED2B45B8260022368D /* Timer.app */;
			productType = "com.apple.product-type.application";
		};
		E81821232B45B89A0022368D /* MTLiveWidgetExtension */ = {
			isa = PBXNativeTarget;
			buildConfigurationList = E81821372B45B89B0022368D /* Build configuration list for PBXNativeTarget "MTLiveWidgetExtension" */;
			buildPhases = (
				E81821202B45B89A0022368D /* Sources */,
				E81821212B45B89A0022368D /* Frameworks */,
				E81821222B45B89A0022368D /* Resources */,
			);
			buildRules = (
			);
			dependencies = (
			);
			name = MTLiveWidgetExtension;
			productName = MTLiveWidgetExtension;
			productReference = E81821242B45B89A0022368D /* MTLiveWidgetExtension.appex */;
			productType = "com.apple.product-type.app-extension";
		};
/* End PBXNativeTarget section */

/* Begin PBXProject section */
		E81820E52B45B8260022368D /* Project object */ = {
			isa = PBXProject;
			attributes = {
				BuildIndependentTargetsInParallel = 1;
				LastSwiftUpdateCheck = 1500;
				LastUpgradeCheck = 1500;
				TargetAttributes = {
					E81820EC2B45B8260022368D = {
						CreatedOnToolsVersion = 15.0;
					};
					E81821232B45B89A0022368D = {
						CreatedOnToolsVersion = 15.0;
					};
				};
			};
			buildConfigurationList = E81820E82B45B8260022368D /* Build configuration list for PBXProject "Timer" */;
			compatibilityVersion = "Xcode 14.0";
			developmentRegion = en;
			hasScannedForEncodings = 0;
			knownRegions = (
				en,
				Base,
				"zh-Hans",
				"zh-Hant",
			);
			mainGroup = E81820E42B45B8260022368D;
			productRefGroup = E81820EE2B45B8260022368D /* Products */;
			projectDirPath = "";
			projectRoot = "";
			targets = (
				E81820EC2B45B8260022368D /* Timer */,
				E81821232B45B89A0022368D /* MTLiveWidgetExtension */,
			);
		};
/* End PBXProject section */

/* Begin PBXResourcesBuildPhase section */
		E81820EB2B45B8260022368D /* Resources */ = {
			isa = PBXResourcesBuildPhase;
			buildActionMask = 2147483647;
			files = (
				E81820FD2B45B8270022368D /* LaunchScreen.storyboard in Resources */,
				E85626882B86E75A00053DB9 /* InfoPlist.strings in Resources */,
				E8153BE82B85AA4F00D74130 /* TMTimer.ttf in Resources */,
				E856268F2B86E7DD00053DB9 /* Localizable.strings in Resources */,
				E856267A2B86DE9F00053DB9 /* TMWidgetTimer.ttf in Resources */,
				E81820FA2B45B8270022368D /* Assets.xcassets in Resources */,
				E81820F82B45B8260022368D /* Main.storyboard in Resources */,
			);
			runOnlyForDeploymentPostprocessing = 0;
		};
		E81821222B45B89A0022368D /* Resources */ = {
			isa = PBXResourcesBuildPhase;
			buildActionMask = 2147483647;
			files = (
				E856267B2B86E24400053DB9 /* TMWidgetTimer.ttf in Resources */,
				E8579C9C2B46CD4C00DCE5E8 /* Main.storyboard in Resources */,
				E81821322B45B89B0022368D /* Assets.xcassets in Resources */,
			);
			runOnlyForDeploymentPostprocessing = 0;
		};
/* End PBXResourcesBuildPhase section */

/* Begin PBXShellScriptBuildPhase section */
		0ABE5BFFA65EB1B9D97E9A94 /* [CP] Check Pods Manifest.lock */ = {
			isa = PBXShellScriptBuildPhase;
			buildActionMask = 2147483647;
			files = (
			);
			inputFileListPaths = (
			);
			inputPaths = (
				"${PODS_PODFILE_DIR_PATH}/Podfile.lock",
				"${PODS_ROOT}/Manifest.lock",
			);
			name = "[CP] Check Pods Manifest.lock";
			outputFileListPaths = (
			);
			outputPaths = (
				"$(DERIVED_FILE_DIR)/Pods-Timer-checkManifestLockResult.txt",
			);
			runOnlyForDeploymentPostprocessing = 0;
			shellPath = /bin/sh;
			shellScript = "diff \"${PODS_PODFILE_DIR_PATH}/Podfile.lock\" \"${PODS_ROOT}/Manifest.lock\" > /dev/null\nif [ $? != 0 ] ; then\n    # print error to STDERR\n    echo \"error: The sandbox is not in sync with the Podfile.lock. Run 'pod install' or update your CocoaPods installation.\" >&2\n    exit 1\nfi\n# This output is used by Xcode 'outputs' to avoid re-running this script phase.\necho \"SUCCESS\" > \"${SCRIPT_OUTPUT_FILE_0}\"\n";
			showEnvVarsInLog = 0;
		};
		8B63563EA4DF5DFE604CCA0E /* [CP] Copy Pods Resources */ = {
			isa = PBXShellScriptBuildPhase;
			buildActionMask = 2147483647;
			files = (
			);
			inputFileListPaths = (
				"${PODS_ROOT}/Target Support Files/Pods-Timer/Pods-Timer-resources-${CONFIGURATION}-input-files.xcfilelist",
			);
			name = "[CP] Copy Pods Resources";
			outputFileListPaths = (
				"${PODS_ROOT}/Target Support Files/Pods-Timer/Pods-Timer-resources-${CONFIGURATION}-output-files.xcfilelist",
			);
			runOnlyForDeploymentPostprocessing = 0;
			shellPath = /bin/sh;
			shellScript = "\"${PODS_ROOT}/Target Support Files/Pods-Timer/Pods-Timer-resources.sh\"\n";
			showEnvVarsInLog = 0;
		};
/* End PBXShellScriptBuildPhase section */

/* Begin PBXSourcesBuildPhase section */
		E81820E92B45B8260022368D /* Sources */ = {
			isa = PBXSourcesBuildPhase;
			buildActionMask = 2147483647;
			files = (
				E81820F12B45B8260022368D /* AppDelegate.swift in Sources */,
				E8153BEB2B85AC6900D74130 /* String+Category.swift in Sources */,
				E8C7CD7F2B85FCC800A87087 /* TMMontionManager.swift in Sources */,
				E8F3AE732B8596CA00B374F1 /* TMConfigPrefix.swift in Sources */,
				E85626812B86E29C00053DB9 /* TMBlackWhiteClockViewController.swift in Sources */,
				E8153BE42B85A42F00D74130 /* TMTimerRunManager.swift in Sources */,
				E8C7CD812B85FD8300A87087 /* TMDelegateManager.swift in Sources */,
				E85626832B86E2B800053DB9 /* TMNeonClockView.swift in Sources */,
				E8822EFF2B85D11E00471E5A /* Date+Category.swift in Sources */,
				E85626852B86E41800053DB9 /* TMNeonTextFieldView.swift in Sources */,
				E8F3AE752B85976400B374F1 /* TMBasePageViewController.swift in Sources */,
				E8F3AE712B85934900B374F1 /* TMMainViewController.swift in Sources */,
				E85626802B86E29C00053DB9 /* TMNeonClockViewController.swift in Sources */,
				E818213C2B45B8B30022368D /* TMTimerManager.swift in Sources */,
				E85626952B871B4900053DB9 /* TMNeonIconView.swift in Sources */,
				E818213F2B45BAFA0022368D /* MTLiveWidgetLiveActivity.swift in Sources */,
				E8F3AE6F2B85933900B374F1 /* TMBaseViewController.swift in Sources */,
			);
			runOnlyForDeploymentPostprocessing = 0;
		};
		E81821202B45B89A0022368D /* Sources */ = {
			isa = PBXSourcesBuildPhase;
			buildActionMask = 2147483647;
			files = (
				E818213D2B45B8B30022368D /* TMTimerManager.swift in Sources */,
				E81821302B45B89A0022368D /* MTLiveWidget.swift in Sources */,
				E818212C2B45B89A0022368D /* MTLiveWidgetBundle.swift in Sources */,
				E818212E2B45B89A0022368D /* MTLiveWidgetLiveActivity.swift in Sources */,
			);
			runOnlyForDeploymentPostprocessing = 0;
		};
/* End PBXSourcesBuildPhase section */

/* Begin PBXTargetDependency section */
		E81821352B45B89B0022368D /* PBXTargetDependency */ = {
			isa = PBXTargetDependency;
			target = E81821232B45B89A0022368D /* MTLiveWidgetExtension */;
			targetProxy = E81821342B45B89B0022368D /* PBXContainerItemProxy */;
		};
/* End PBXTargetDependency section */

/* Begin PBXVariantGroup section */
		E81820F62B45B8260022368D /* Main.storyboard */ = {
			isa = PBXVariantGroup;
			children = (
				E81820F72B45B8260022368D /* Base */,
				E8EE88BD2B46B92C00597769 /* zh-Hans */,
				E8579C9A2B46BA0600DCE5E8 /* zh-Hant */,
				E8579C9E2B46CD5100DCE5E8 /* en */,
			);
			name = Main.storyboard;
			sourceTree = "<group>";
		};
		E81820FB2B45B8270022368D /* LaunchScreen.storyboard */ = {
			isa = PBXVariantGroup;
			children = (
				E81820FC2B45B8270022368D /* Base */,
				E8EE88BE2B46B92C00597769 /* zh-Hans */,
				E8579C9B2B46BA0700DCE5E8 /* zh-Hant */,
				E8579CA02B46CD5C00DCE5E8 /* en */,
			);
			name = LaunchScreen.storyboard;
			sourceTree = "<group>";
		};
		E856268A2B86E75A00053DB9 /* InfoPlist.strings */ = {
			isa = PBXVariantGroup;
			children = (
				E85626892B86E75A00053DB9 /* en */,
				E856268B2B86E75C00053DB9 /* zh-Hans */,
				E856268C2B86E75D00053DB9 /* zh-Hant */,
			);
			name = InfoPlist.strings;
			sourceTree = "<group>";
		};
		E85626912B86E7DD00053DB9 /* Localizable.strings */ = {
			isa = PBXVariantGroup;
			children = (
				E85626902B86E7DD00053DB9 /* en */,
				E85626922B86E7DF00053DB9 /* zh-Hant */,
				E85626932B86E7E200053DB9 /* zh-Hans */,
			);
			name = Localizable.strings;
			sourceTree = "<group>";
		};
/* End PBXVariantGroup section */

/* Begin XCBuildConfiguration section */
		E81821152B45B8270022368D /* Debug */ = {
			isa = XCBuildConfiguration;
			buildSettings = {
				ALWAYS_SEARCH_USER_PATHS = NO;
				ASSETCATALOG_COMPILER_GENERATE_SWIFT_ASSET_SYMBOL_EXTENSIONS = YES;
				CLANG_ANALYZER_LOCALIZABILITY_NONLOCALIZED = YES;
				CLANG_ANALYZER_NONNULL = YES;
				CLANG_ANALYZER_NUMBER_OBJECT_CONVERSION = YES_AGGRESSIVE;
				CLANG_CXX_LANGUAGE_STANDARD = "gnu++20";
				CLANG_ENABLE_MODULES = YES;
				CLANG_ENABLE_OBJC_ARC = YES;
				CLANG_ENABLE_OBJC_WEAK = YES;
				CLANG_WARN_BLOCK_CAPTURE_AUTORELEASING = YES;
				CLANG_WARN_BOOL_CONVERSION = YES;
				CLANG_WARN_COMMA = YES;
				CLANG_WARN_CONSTANT_CONVERSION = YES;
				CLANG_WARN_DEPRECATED_OBJC_IMPLEMENTATIONS = YES;
				CLANG_WARN_DIRECT_OBJC_ISA_USAGE = YES_ERROR;
				CLANG_WARN_DOCUMENTATION_COMMENTS = YES;
				CLANG_WARN_EMPTY_BODY = YES;
				CLANG_WARN_ENUM_CONVERSION = YES;
				CLANG_WARN_INFINITE_RECURSION = YES;
				CLANG_WARN_INT_CONVERSION = YES;
				CLANG_WARN_NON_LITERAL_NULL_CONVERSION = YES;
				CLANG_WARN_OBJC_IMPLICIT_RETAIN_SELF = YES;
				CLANG_WARN_OBJC_LITERAL_CONVERSION = YES;
				CLANG_WARN_OBJC_ROOT_CLASS = YES_ERROR;
				CLANG_WARN_QUOTED_INCLUDE_IN_FRAMEWORK_HEADER = YES;
				CLANG_WARN_RANGE_LOOP_ANALYSIS = YES;
				CLANG_WARN_STRICT_PROTOTYPES = YES;
				CLANG_WARN_SUSPICIOUS_MOVE = YES;
				CLANG_WARN_UNGUARDED_AVAILABILITY = YES_AGGRESSIVE;
				CLANG_WARN_UNREACHABLE_CODE = YES;
				CLANG_WARN__DUPLICATE_METHOD_MATCH = YES;
				COPY_PHASE_STRIP = NO;
				DEBUG_INFORMATION_FORMAT = dwarf;
				ENABLE_STRICT_OBJC_MSGSEND = YES;
				ENABLE_TESTABILITY = YES;
				ENABLE_USER_SCRIPT_SANDBOXING = YES;
				GCC_C_LANGUAGE_STANDARD = gnu17;
				GCC_DYNAMIC_NO_PIC = NO;
				GCC_NO_COMMON_BLOCKS = YES;
				GCC_OPTIMIZATION_LEVEL = 0;
				GCC_PREPROCESSOR_DEFINITIONS = (
					"DEBUG=1",
					"$(inherited)",
				);
				GCC_WARN_64_TO_32_BIT_CONVERSION = YES;
				GCC_WARN_ABOUT_RETURN_TYPE = YES_ERROR;
				GCC_WARN_UNDECLARED_SELECTOR = YES;
				GCC_WARN_UNINITIALIZED_AUTOS = YES_AGGRESSIVE;
				GCC_WARN_UNUSED_FUNCTION = YES;
				GCC_WARN_UNUSED_VARIABLE = YES;
				IPHONEOS_DEPLOYMENT_TARGET = 16.2;
				LOCALIZATION_PREFERS_STRING_CATALOGS = YES;
				MTL_ENABLE_DEBUG_INFO = INCLUDE_SOURCE;
				MTL_FAST_MATH = YES;
				ONLY_ACTIVE_ARCH = YES;
				SDKROOT = iphoneos;
				SWIFT_ACTIVE_COMPILATION_CONDITIONS = "DEBUG $(inherited)";
				SWIFT_OPTIMIZATION_LEVEL = "-Onone";
			};
			name = Debug;
		};
		E81821162B45B8270022368D /* Release */ = {
			isa = XCBuildConfiguration;
			buildSettings = {
				ALWAYS_SEARCH_USER_PATHS = NO;
				ASSETCATALOG_COMPILER_GENERATE_SWIFT_ASSET_SYMBOL_EXTENSIONS = YES;
				CLANG_ANALYZER_LOCALIZABILITY_NONLOCALIZED = YES;
				CLANG_ANALYZER_NONNULL = YES;
				CLANG_ANALYZER_NUMBER_OBJECT_CONVERSION = YES_AGGRESSIVE;
				CLANG_CXX_LANGUAGE_STANDARD = "gnu++20";
				CLANG_ENABLE_MODULES = YES;
				CLANG_ENABLE_OBJC_ARC = YES;
				CLANG_ENABLE_OBJC_WEAK = YES;
				CLANG_WARN_BLOCK_CAPTURE_AUTORELEASING = YES;
				CLANG_WARN_BOOL_CONVERSION = YES;
				CLANG_WARN_COMMA = YES;
				CLANG_WARN_CONSTANT_CONVERSION = YES;
				CLANG_WARN_DEPRECATED_OBJC_IMPLEMENTATIONS = YES;
				CLANG_WARN_DIRECT_OBJC_ISA_USAGE = YES_ERROR;
				CLANG_WARN_DOCUMENTATION_COMMENTS = YES;
				CLANG_WARN_EMPTY_BODY = YES;
				CLANG_WARN_ENUM_CONVERSION = YES;
				CLANG_WARN_INFINITE_RECURSION = YES;
				CLANG_WARN_INT_CONVERSION = YES;
				CLANG_WARN_NON_LITERAL_NULL_CONVERSION = YES;
				CLANG_WARN_OBJC_IMPLICIT_RETAIN_SELF = YES;
				CLANG_WARN_OBJC_LITERAL_CONVERSION = YES;
				CLANG_WARN_OBJC_ROOT_CLASS = YES_ERROR;
				CLANG_WARN_QUOTED_INCLUDE_IN_FRAMEWORK_HEADER = YES;
				CLANG_WARN_RANGE_LOOP_ANALYSIS = YES;
				CLANG_WARN_STRICT_PROTOTYPES = YES;
				CLANG_WARN_SUSPICIOUS_MOVE = YES;
				CLANG_WARN_UNGUARDED_AVAILABILITY = YES_AGGRESSIVE;
				CLANG_WARN_UNREACHABLE_CODE = YES;
				CLANG_WARN__DUPLICATE_METHOD_MATCH = YES;
				COPY_PHASE_STRIP = NO;
				DEBUG_INFORMATION_FORMAT = "dwarf-with-dsym";
				ENABLE_NS_ASSERTIONS = NO;
				ENABLE_STRICT_OBJC_MSGSEND = YES;
				ENABLE_USER_SCRIPT_SANDBOXING = YES;
				GCC_C_LANGUAGE_STANDARD = gnu17;
				GCC_NO_COMMON_BLOCKS = YES;
				GCC_WARN_64_TO_32_BIT_CONVERSION = YES;
				GCC_WARN_ABOUT_RETURN_TYPE = YES_ERROR;
				GCC_WARN_UNDECLARED_SELECTOR = YES;
				GCC_WARN_UNINITIALIZED_AUTOS = YES_AGGRESSIVE;
				GCC_WARN_UNUSED_FUNCTION = YES;
				GCC_WARN_UNUSED_VARIABLE = YES;
				IPHONEOS_DEPLOYMENT_TARGET = 16.2;
				LOCALIZATION_PREFERS_STRING_CATALOGS = YES;
				MTL_ENABLE_DEBUG_INFO = NO;
				MTL_FAST_MATH = YES;
				SDKROOT = iphoneos;
				SWIFT_COMPILATION_MODE = wholemodule;
				VALIDATE_PRODUCT = YES;
			};
			name = Release;
		};
		E81821182B45B8270022368D /* Debug */ = {
			isa = XCBuildConfiguration;
			baseConfigurationReference = 48AD81F4A9DD813C4847ECF9 /* Pods-Timer.debug.xcconfig */;
			buildSettings = {
				ALWAYS_EMBED_SWIFT_STANDARD_LIBRARIES = YES;
				ASSETCATALOG_COMPILER_APPICON_NAME = AppIcon;
				ASSETCATALOG_COMPILER_GLOBAL_ACCENT_COLOR_NAME = AccentColor;
				CODE_SIGN_STYLE = Automatic;
				CURRENT_PROJECT_VERSION = 1;
				DEVELOPMENT_TEAM = K7Y7L52Z4E;
				ENABLE_USER_SCRIPT_SANDBOXING = NO;
				GENERATE_INFOPLIST_FILE = YES;
				INFOPLIST_FILE = Timer/Info.plist;
				INFOPLIST_KEY_NSSupportsLiveActivities = YES;
				INFOPLIST_KEY_UIApplicationSupportsIndirectInputEvents = YES;
				INFOPLIST_KEY_UILaunchStoryboardName = LaunchScreen;
				INFOPLIST_KEY_UIMainStoryboardFile = Main;
				INFOPLIST_KEY_UIStatusBarHidden = YES;
				INFOPLIST_KEY_UISupportedInterfaceOrientations = "UIInterfaceOrientationPortrait UIInterfaceOrientationPortraitUpsideDown";
				IPHONEOS_DEPLOYMENT_TARGET = 16.2;
				LD_RUNPATH_SEARCH_PATHS = (
					"$(inherited)",
					"@executable_path/Frameworks",
				);
				MARKETING_VERSION = 1.0;
				PRODUCT_BUNDLE_IDENTIFIER = com.page.timer.Timer;
				PRODUCT_NAME = "$(TARGET_NAME)";
				SWIFT_EMIT_LOC_STRINGS = YES;
				SWIFT_VERSION = 5.0;
				TARGETED_DEVICE_FAMILY = "1,2";
			};
			name = Debug;
		};
		E81821192B45B8270022368D /* Release */ = {
			isa = XCBuildConfiguration;
			baseConfigurationReference = 81778ED9ED8BC79E83D9FBCD /* Pods-Timer.release.xcconfig */;
			buildSettings = {
				ALWAYS_EMBED_SWIFT_STANDARD_LIBRARIES = YES;
				ASSETCATALOG_COMPILER_APPICON_NAME = AppIcon;
				ASSETCATALOG_COMPILER_GLOBAL_ACCENT_COLOR_NAME = AccentColor;
				CODE_SIGN_STYLE = Automatic;
				CURRENT_PROJECT_VERSION = 1;
				DEVELOPMENT_TEAM = K7Y7L52Z4E;
				ENABLE_USER_SCRIPT_SANDBOXING = NO;
				GENERATE_INFOPLIST_FILE = YES;
				INFOPLIST_FILE = Timer/Info.plist;
				INFOPLIST_KEY_NSSupportsLiveActivities = YES;
				INFOPLIST_KEY_UIApplicationSupportsIndirectInputEvents = YES;
				INFOPLIST_KEY_UILaunchStoryboardName = LaunchScreen;
				INFOPLIST_KEY_UIMainStoryboardFile = Main;
				INFOPLIST_KEY_UIStatusBarHidden = YES;
				INFOPLIST_KEY_UISupportedInterfaceOrientations = "UIInterfaceOrientationPortrait UIInterfaceOrientationPortraitUpsideDown";
				IPHONEOS_DEPLOYMENT_TARGET = 16.2;
				LD_RUNPATH_SEARCH_PATHS = (
					"$(inherited)",
					"@executable_path/Frameworks",
				);
				MARKETING_VERSION = 1.0;
				PRODUCT_BUNDLE_IDENTIFIER = com.page.timer.Timer;
				PRODUCT_NAME = "$(TARGET_NAME)";
				SWIFT_EMIT_LOC_STRINGS = YES;
				SWIFT_VERSION = 5.0;
				TARGETED_DEVICE_FAMILY = "1,2";
			};
			name = Release;
		};
		E81821382B45B89B0022368D /* Debug */ = {
			isa = XCBuildConfiguration;
			buildSettings = {
				ASSETCATALOG_COMPILER_GLOBAL_ACCENT_COLOR_NAME = AccentColor;
				ASSETCATALOG_COMPILER_WIDGET_BACKGROUND_COLOR_NAME = WidgetBackground;
				CODE_SIGN_STYLE = Automatic;
				CURRENT_PROJECT_VERSION = 1;
				DEVELOPMENT_TEAM = K7Y7L52Z4E;
				GENERATE_INFOPLIST_FILE = YES;
				INFOPLIST_FILE = MTLiveWidget/Info.plist;
				INFOPLIST_KEY_CFBundleDisplayName = MTLiveWidget;
				INFOPLIST_KEY_NSHumanReadableCopyright = "";
				IPHONEOS_DEPLOYMENT_TARGET = 16.2;
				LD_RUNPATH_SEARCH_PATHS = (
					"$(inherited)",
					"@executable_path/Frameworks",
					"@executable_path/../../Frameworks",
				);
				MARKETING_VERSION = 1.0;
				PRODUCT_BUNDLE_IDENTIFIER = com.page.timer.Timer.MTLiveWidget;
				PRODUCT_NAME = "$(TARGET_NAME)";
				SKIP_INSTALL = YES;
				SWIFT_EMIT_LOC_STRINGS = YES;
				SWIFT_VERSION = 5.0;
				TARGETED_DEVICE_FAMILY = "1,2";
			};
			name = Debug;
		};
		E81821392B45B89B0022368D /* Release */ = {
			isa = XCBuildConfiguration;
			buildSettings = {
				ASSETCATALOG_COMPILER_GLOBAL_ACCENT_COLOR_NAME = AccentColor;
				ASSETCATALOG_COMPILER_WIDGET_BACKGROUND_COLOR_NAME = WidgetBackground;
				CODE_SIGN_STYLE = Automatic;
				CURRENT_PROJECT_VERSION = 1;
				DEVELOPMENT_TEAM = K7Y7L52Z4E;
				GENERATE_INFOPLIST_FILE = YES;
				INFOPLIST_FILE = MTLiveWidget/Info.plist;
				INFOPLIST_KEY_CFBundleDisplayName = MTLiveWidget;
				INFOPLIST_KEY_NSHumanReadableCopyright = "";
				IPHONEOS_DEPLOYMENT_TARGET = 16.2;
				LD_RUNPATH_SEARCH_PATHS = (
					"$(inherited)",
					"@executable_path/Frameworks",
					"@executable_path/../../Frameworks",
				);
				MARKETING_VERSION = 1.0;
				PRODUCT_BUNDLE_IDENTIFIER = com.page.timer.Timer.MTLiveWidget;
				PRODUCT_NAME = "$(TARGET_NAME)";
				SKIP_INSTALL = YES;
				SWIFT_EMIT_LOC_STRINGS = YES;
				SWIFT_VERSION = 5.0;
				TARGETED_DEVICE_FAMILY = "1,2";
			};
			name = Release;
		};
/* End XCBuildConfiguration section */

/* Begin XCConfigurationList section */
		E81820E82B45B8260022368D /* Build configuration list for PBXProject "Timer" */ = {
			isa = XCConfigurationList;
			buildConfigurations = (
				E81821152B45B8270022368D /* Debug */,
				E81821162B45B8270022368D /* Release */,
			);
			defaultConfigurationIsVisible = 0;
			defaultConfigurationName = Release;
		};
		E81821172B45B8270022368D /* Build configuration list for PBXNativeTarget "Timer" */ = {
			isa = XCConfigurationList;
			buildConfigurations = (
				E81821182B45B8270022368D /* Debug */,
				E81821192B45B8270022368D /* Release */,
			);
			defaultConfigurationIsVisible = 0;
			defaultConfigurationName = Release;
		};
		E81821372B45B89B0022368D /* Build configuration list for PBXNativeTarget "MTLiveWidgetExtension" */ = {
			isa = XCConfigurationList;
			buildConfigurations = (
				E81821382B45B89B0022368D /* Debug */,
				E81821392B45B89B0022368D /* Release */,
			);
			defaultConfigurationIsVisible = 0;
			defaultConfigurationName = Release;
		};
/* End XCConfigurationList section */
	};
	rootObject = E81820E52B45B8260022368D /* Project object */;
}
