// !$*UTF8*$!
{
	archiveVersion = 1;
	classes = {
	};
	objectVersion = 56;
	objects = {

/* Begin PBXBuildFile section */
		E81820F12B45B8260022368D /* AppDelegate.swift in Sources */ = {isa = PBXBuildFile; fileRef = E81820F02B45B8260022368D /* AppDelegate.swift */; };
		E81820F52B45B8260022368D /* ViewController.swift in Sources */ = {isa = PBXBuildFile; fileRef = E81820F42B45B8260022368D /* ViewController.swift */; };
		E81820F82B45B8260022368D /* Main.storyboard in Resources */ = {isa = PBXBuildFile; fileRef = E81820F62B45B8260022368D /* Main.storyboard */; };
		E81820FA2B45B8270022368D /* Assets.xcassets in Resources */ = {isa = PBXBuildFile; fileRef = E81820F92B45B8270022368D /* Assets.xcassets */; };
		E81820FD2B45B8270022368D /* LaunchScreen.storyboard in Resources */ = {isa = PBXBuildFile; fileRef = E81820FB2B45B8270022368D /* LaunchScreen.storyboard */; };
		E81821272B45B89A0022368D /* WidgetKit.framework in Frameworks */ = {isa = PBXBuildFile; fileRef = E81821262B45B89A0022368D /* WidgetKit.framework */; };
		E81821292B45B89A0022368D /* SwiftUI.framework in Frameworks */ = {isa = PBXBuildFile; fileRef = E81821282B45B89A0022368D /* SwiftUI.framework */; };
		E818212C2B45B89A0022368D /* MTLiveWidgetBundle.swift in Sources */ = {isa = PBXBuildFile; fileRef = E818212B2B45B89A0022368D /* MTLiveWidgetBundle.swift */; };
		E818212E2B45B89A0022368D /* MTLiveWidgetLiveActivity.swift in Sources */ = {isa = PBXBuildFile; fileRef = E818212D2B45B89A0022368D /* MTLiveWidgetLiveActivity.swift */; };
		E81821302B45B89A0022368D /* MTLiveWidget.swift in Sources */ = {isa = PBXBuildFile; fileRef = E818212F2B45B89A0022368D /* MTLiveWidget.swift */; };
		E81821322B45B89B0022368D /* Assets.xcassets in Resources */ = {isa = PBXBuildFile; fileRef = E81821312B45B89B0022368D /* Assets.xcassets */; };
		E81821362B45B89B0022368D /* MTLiveWidgetExtension.appex in Embed Foundation Extensions */ = {isa = PBXBuildFile; fileRef = E81821242B45B89A0022368D /* MTLiveWidgetExtension.appex */; settings = {ATTRIBUTES = (RemoveHeadersOnCopy, ); }; };
		E818213C2B45B8B30022368D /* TMTimerManager.swift in Sources */ = {isa = PBXBuildFile; fileRef = E818213B2B45B8B30022368D /* TMTimerManager.swift */; };
		E818213D2B45B8B30022368D /* TMTimerManager.swift in Sources */ = {isa = PBXBuildFile; fileRef = E818213B2B45B8B30022368D /* TMTimerManager.swift */; };
		E818213F2B45BAFA0022368D /* MTLiveWidgetLiveActivity.swift in Sources */ = {isa = PBXBuildFile; fileRef = E818212D2B45B89A0022368D /* MTLiveWidgetLiveActivity.swift */; };
/* End PBXBuildFile section */

/* Begin PBXContainerItemProxy section */
		E81821342B45B89B0022368D /* PBXContainerItemProxy */ = {
			isa = PBXContainerItemProxy;
			containerPortal = E81820E52B45B8260022368D /* Project object */;
			proxyType = 1;
			remoteGlobalIDString = E81821232B45B89A0022368D;
			remoteInfo = MTLiveWidgetExtension;
		};
/* End PBXContainerItemProxy section */

/* Begin PBXCopyFilesBuildPhase section */
		E818213A2B45B89B0022368D /* Embed Foundation Extensions */ = {
			isa = PBXCopyFilesBuildPhase;
			buildActionMask = 2147483647;
			dstPath = "";
			dstSubfolderSpec = 13;
			files = (
				E81821362B45B89B0022368D /* MTLiveWidgetExtension.appex in Embed Foundation Extensions */,
			);
			name = "Embed Foundation Extensions";
			runOnlyForDeploymentPostprocessing = 0;
		};
/* End PBXCopyFilesBuildPhase section */

/* Begin PBXFileReference section */
		E81820ED2B45B8260022368D /* Timer.app */ = {isa = PBXFileReference; explicitFileType = wrapper.application; includeInIndex = 0; path = Timer.app; sourceTree = BUILT_PRODUCTS_DIR; };
		E81820F02B45B8260022368D /* AppDelegate.swift */ = {isa = PBXFileReference; lastKnownFileType = sourcecode.swift; path = AppDelegate.swift; sourceTree = "<group>"; };
		E81820F42B45B8260022368D /* ViewController.swift */ = {isa = PBXFileReference; lastKnownFileType = sourcecode.swift; path = ViewController.swift; sourceTree = "<group>"; };
		E81820F72B45B8260022368D /* Base */ = {isa = PBXFileReference; lastKnownFileType = file.storyboard; name = Base; path = Base.lproj/Main.storyboard; sourceTree = "<group>"; };
		E81820F92B45B8270022368D /* Assets.xcassets */ = {isa = PBXFileReference; lastKnownFileType = folder.assetcatalog; path = Assets.xcassets; sourceTree = "<group>"; };
		E81820FC2B45B8270022368D /* Base */ = {isa = PBXFileReference; lastKnownFileType = file.storyboard; name = Base; path = Base.lproj/LaunchScreen.storyboard; sourceTree = "<group>"; };
		E81820FE2B45B8270022368D /* Info.plist */ = {isa = PBXFileReference; lastKnownFileType = text.plist.xml; path = Info.plist; sourceTree = "<group>"; };
		E81821242B45B89A0022368D /* MTLiveWidgetExtension.appex */ = {isa = PBXFileReference; explicitFileType = "wrapper.app-extension"; includeInIndex = 0; path = MTLiveWidgetExtension.appex; sourceTree = BUILT_PRODUCTS_DIR; };
		E81821262B45B89A0022368D /* WidgetKit.framework */ = {isa = PBXFileReference; lastKnownFileType = wrapper.framework; name = WidgetKit.framework; path = System/Library/Frameworks/WidgetKit.framework; sourceTree = SDKROOT; };
		E81821282B45B89A0022368D /* SwiftUI.framework */ = {isa = PBXFileReference; lastKnownFileType = wrapper.framework; name = SwiftUI.framework; path = System/Library/Frameworks/SwiftUI.framework; sourceTree = SDKROOT; };
		E818212B2B45B89A0022368D /* MTLiveWidgetBundle.swift */ = {isa = PBXFileReference; lastKnownFileType = sourcecode.swift; path = MTLiveWidgetBundle.swift; sourceTree = "<group>"; };
		E818212D2B45B89A0022368D /* MTLiveWidgetLiveActivity.swift */ = {isa = PBXFileReference; lastKnownFileType = sourcecode.swift; path = MTLiveWidgetLiveActivity.swift; sourceTree = "<group>"; };
		E818212F2B45B89A0022368D /* MTLiveWidget.swift */ = {isa = PBXFileReference; lastKnownFileType = sourcecode.swift; path = MTLiveWidget.swift; sourceTree = "<group>"; };
		E81821312B45B89B0022368D /* Assets.xcassets */ = {isa = PBXFileReference; lastKnownFileType = folder.assetcatalog; path = Assets.xcassets; sourceTree = "<group>"; };
		E81821332B45B89B0022368D /* Info.plist */ = {isa = PBXFileReference; lastKnownFileType = text.plist.xml; path = Info.plist; sourceTree = "<group>"; };
		E818213B2B45B8B30022368D /* TMTimerManager.swift */ = {isa = PBXFileReference; lastKnownFileType = sourcecode.swift; path = TMTimerManager.swift; sourceTree = "<group>"; };
/* End PBXFileReference section */

/* Begin PBXFrameworksBuildPhase section */
		E81820EA2B45B8260022368D /* Frameworks */ = {
			isa = PBXFrameworksBuildPhase;
			buildActionMask = 2147483647;
			files = (
			);
			runOnlyForDeploymentPostprocessing = 0;
		};
		E81821212B45B89A0022368D /* Frameworks */ = {
			isa = PBXFrameworksBuildPhase;
			buildActionMask = 2147483647;
			files = (
				E81821292B45B89A0022368D /* SwiftUI.framework in Frameworks */,
				E81821272B45B89A0022368D /* WidgetKit.framework in Frameworks */,
			);
			runOnlyForDeploymentPostprocessing = 0;
		};
/* End PBXFrameworksBuildPhase section */

/* Begin PBXGroup section */
		E81820E42B45B8260022368D = {
			isa = PBXGroup;
			children = (
				E81820EF2B45B8260022368D /* Timer */,
				E818212A2B45B89A0022368D /* MTLiveWidget */,
				E81821252B45B89A0022368D /* Frameworks */,
				E81820EE2B45B8260022368D /* Products */,
			);
			sourceTree = "<group>";
		};
		E81820EE2B45B8260022368D /* Products */ = {
			isa = PBXGroup;
			children = (
				E81820ED2B45B8260022368D /* Timer.app */,
				E81821242B45B89A0022368D /* MTLiveWidgetExtension.appex */,
			);
			name = Products;
			sourceTree = "<group>";
		};
		E81820EF2B45B8260022368D /* Timer */ = {
			isa = PBXGroup;
			children = (
				E81820F02B45B8260022368D /* AppDelegate.swift */,
				E81820F42B45B8260022368D /* ViewController.swift */,
				E81820F62B45B8260022368D /* Main.storyboard */,
				E81820F92B45B8270022368D /* Assets.xcassets */,
				E81820FB2B45B8270022368D /* LaunchScreen.storyboard */,
				E81820FE2B45B8270022368D /* Info.plist */,
			);
			path = Timer;
			sourceTree = "<group>";
		};
		E81821252B45B89A0022368D /* Frameworks */ = {
			isa = PBXGroup;
			children = (
				E81821262B45B89A0022368D /* WidgetKit.framework */,
				E81821282B45B89A0022368D /* SwiftUI.framework */,
			);
			name = Frameworks;
			sourceTree = "<group>";
		};
		E818212A2B45B89A0022368D /* MTLiveWidget */ = {
			isa = PBXGroup;
			children = (
				E818212B2B45B89A0022368D /* MTLiveWidgetBundle.swift */,
				E818213B2B45B8B30022368D /* TMTimerManager.swift */,
				E818212D2B45B89A0022368D /* MTLiveWidgetLiveActivity.swift */,
				E818212F2B45B89A0022368D /* MTLiveWidget.swift */,
				E81821312B45B89B0022368D /* Assets.xcassets */,
				E81821332B45B89B0022368D /* Info.plist */,
			);
			path = MTLiveWidget;
			sourceTree = "<group>";
		};
/* End PBXGroup section */

/* Begin PBXNativeTarget section */
		E81820EC2B45B8260022368D /* Timer */ = {
			isa = PBXNativeTarget;
			buildConfigurationList = E81821172B45B8270022368D /* Build configuration list for PBXNativeTarget "Timer" */;
			buildPhases = (
				E81820E92B45B8260022368D /* Sources */,
				E81820EA2B45B8260022368D /* Frameworks */,
				E81820EB2B45B8260022368D /* Resources */,
				E818213A2B45B89B0022368D /* Embed Foundation Extensions */,
			);
			buildRules = (
			);
			dependencies = (
				E81821352B45B89B0022368D /* PBXTargetDependency */,
			);
			name = Timer;
			productName = Timer;
			productReference = E81820ED2B45B8260022368D /* Timer.app */;
			productType = "com.apple.product-type.application";
		};
		E81821232B45B89A0022368D /* MTLiveWidgetExtension */ = {
			isa = PBXNativeTarget;
			buildConfigurationList = E81821372B45B89B0022368D /* Build configuration list for PBXNativeTarget "MTLiveWidgetExtension" */;
			buildPhases = (
				E81821202B45B89A0022368D /* Sources */,
				E81821212B45B89A0022368D /* Frameworks */,
				E81821222B45B89A0022368D /* Resources */,
			);
			buildRules = (
			);
			dependencies = (
			);
			name = MTLiveWidgetExtension;
			productName = MTLiveWidgetExtension;
			productReference = E81821242B45B89A0022368D /* MTLiveWidgetExtension.appex */;
			productType = "com.apple.product-type.app-extension";
		};
/* End PBXNativeTarget section */

/* Begin PBXProject section */
		E81820E52B45B8260022368D /* Project object */ = {
			isa = PBXProject;
			attributes = {
				BuildIndependentTargetsInParallel = 1;
				LastSwiftUpdateCheck = 1500;
				LastUpgradeCheck = 1500;
				TargetAttributes = {
					E81820EC2B45B8260022368D = {
						CreatedOnToolsVersion = 15.0;
					};
					E81821232B45B89A0022368D = {
						CreatedOnToolsVersion = 15.0;
					};
				};
			};
			buildConfigurationList = E81820E82B45B8260022368D /* Build configuration list for PBXProject "Timer" */;
			compatibilityVersion = "Xcode 14.0";
			developmentRegion = en;
			hasScannedForEncodings = 0;
			knownRegions = (
				en,
				Base,
			);
			mainGroup = E81820E42B45B8260022368D;
			productRefGroup = E81820EE2B45B8260022368D /* Products */;
			projectDirPath = "";
			projectRoot = "";
			targets = (
				E81820EC2B45B8260022368D /* Timer */,
				E81821232B45B89A0022368D /* MTLiveWidgetExtension */,
			);
		};
/* End PBXProject section */

/* Begin PBXResourcesBuildPhase section */
		E81820EB2B45B8260022368D /* Resources */ = {
			isa = PBXResourcesBuildPhase;
			buildActionMask = 2147483647;
			files = (
				E81820FD2B45B8270022368D /* LaunchScreen.storyboard in Resources */,
				E81820FA2B45B8270022368D /* Assets.xcassets in Resources */,
				E81820F82B45B8260022368D /* Main.storyboard in Resources */,
			);
			runOnlyForDeploymentPostprocessing = 0;
		};
		E81821222B45B89A0022368D /* Resources */ = {
			isa = PBXResourcesBuildPhase;
			buildActionMask = 2147483647;
			files = (
				E81821322B45B89B0022368D /* Assets.xcassets in Resources */,
			);
			runOnlyForDeploymentPostprocessing = 0;
		};
/* End PBXResourcesBuildPhase section */

/* Begin PBXSourcesBuildPhase section */
		E81820E92B45B8260022368D /* Sources */ = {
			isa = PBXSourcesBuildPhase;
			buildActionMask = 2147483647;
			files = (
				E81820F52B45B8260022368D /* ViewController.swift in Sources */,
				E81820F12B45B8260022368D /* AppDelegate.swift in Sources */,
				E818213C2B45B8B30022368D /* TMTimerManager.swift in Sources */,
				E818213F2B45BAFA0022368D /* MTLiveWidgetLiveActivity.swift in Sources */,
			);
			runOnlyForDeploymentPostprocessing = 0;
		};
		E81821202B45B89A0022368D /* Sources */ = {
			isa = PBXSourcesBuildPhase;
			buildActionMask = 2147483647;
			files = (
				E818213D2B45B8B30022368D /* TMTimerManager.swift in Sources */,
				E81821302B45B89A0022368D /* MTLiveWidget.swift in Sources */,
				E818212C2B45B89A0022368D /* MTLiveWidgetBundle.swift in Sources */,
				E818212E2B45B89A0022368D /* MTLiveWidgetLiveActivity.swift in Sources */,
			);
			runOnlyForDeploymentPostprocessing = 0;
		};
/* End PBXSourcesBuildPhase section */

/* Begin PBXTargetDependency section */
		E81821352B45B89B0022368D /* PBXTargetDependency */ = {
			isa = PBXTargetDependency;
			target = E81821232B45B89A0022368D /* MTLiveWidgetExtension */;
			targetProxy = E81821342B45B89B0022368D /* PBXContainerItemProxy */;
		};
/* End PBXTargetDependency section */

/* Begin PBXVariantGroup section */
		E81820F62B45B8260022368D /* Main.storyboard */ = {
			isa = PBXVariantGroup;
			children = (
				E81820F72B45B8260022368D /* Base */,
			);
			name = Main.storyboard;
			sourceTree = "<group>";
		};
		E81820FB2B45B8270022368D /* LaunchScreen.storyboard */ = {
			isa = PBXVariantGroup;
			children = (
				E81820FC2B45B8270022368D /* Base */,
			);
			name = LaunchScreen.storyboard;
			sourceTree = "<group>";
		};
/* End PBXVariantGroup section */

/* Begin XCBuildConfiguration section */
		E81821152B45B8270022368D /* Debug */ = {
			isa = XCBuildConfiguration;
			buildSettings = {
				ALWAYS_SEARCH_USER_PATHS = NO;
				ASSETCATALOG_COMPILER_GENERATE_SWIFT_ASSET_SYMBOL_EXTENSIONS = YES;
				CLANG_ANALYZER_NONNULL = YES;
				CLANG_ANALYZER_NUMBER_OBJECT_CONVERSION = YES_AGGRESSIVE;
				CLANG_CXX_LANGUAGE_STANDARD = "gnu++20";
				CLANG_ENABLE_MODULES = YES;
				CLANG_ENABLE_OBJC_ARC = YES;
				CLANG_ENABLE_OBJC_WEAK = YES;
				CLANG_WARN_BLOCK_CAPTURE_AUTORELEASING = YES;
				CLANG_WARN_BOOL_CONVERSION = YES;
				CLANG_WARN_COMMA = YES;
				CLANG_WARN_CONSTANT_CONVERSION = YES;
				CLANG_WARN_DEPRECATED_OBJC_IMPLEMENTATIONS = YES;
				CLANG_WARN_DIRECT_OBJC_ISA_USAGE = YES_ERROR;
				CLANG_WARN_DOCUMENTATION_COMMENTS = YES;
				CLANG_WARN_EMPTY_BODY = YES;
				CLANG_WARN_ENUM_CONVERSION = YES;
				CLANG_WARN_INFINITE_RECURSION = YES;
				CLANG_WARN_INT_CONVERSION = YES;
				CLANG_WARN_NON_LITERAL_NULL_CONVERSION = YES;
				CLANG_WARN_OBJC_IMPLICIT_RETAIN_SELF = YES;
				CLANG_WARN_OBJC_LITERAL_CONVERSION = YES;
				CLANG_WARN_OBJC_ROOT_CLASS = YES_ERROR;
				CLANG_WARN_QUOTED_INCLUDE_IN_FRAMEWORK_HEADER = YES;
				CLANG_WARN_RANGE_LOOP_ANALYSIS = YES;
				CLANG_WARN_STRICT_PROTOTYPES = YES;
				CLANG_WARN_SUSPICIOUS_MOVE = YES;
				CLANG_WARN_UNGUARDED_AVAILABILITY = YES_AGGRESSIVE;
				CLANG_WARN_UNREACHABLE_CODE = YES;
				CLANG_WARN__DUPLICATE_METHOD_MATCH = YES;
				COPY_PHASE_STRIP = NO;
				DEBUG_INFORMATION_FORMAT = dwarf;
				ENABLE_STRICT_OBJC_MSGSEND = YES;
				ENABLE_TESTABILITY = YES;
				ENABLE_USER_SCRIPT_SANDBOXING = YES;
				GCC_C_LANGUAGE_STANDARD = gnu17;
				GCC_DYNAMIC_NO_PIC = NO;
				GCC_NO_COMMON_BLOCKS = YES;
				GCC_OPTIMIZATION_LEVEL = 0;
				GCC_PREPROCESSOR_DEFINITIONS = (
					"DEBUG=1",
					"$(inherited)",
				);
				GCC_WARN_64_TO_32_BIT_CONVERSION = YES;
				GCC_WARN_ABOUT_RETURN_TYPE = YES_ERROR;
				GCC_WARN_UNDECLARED_SELECTOR = YES;
				GCC_WARN_UNINITIALIZED_AUTOS = YES_AGGRESSIVE;
				GCC_WARN_UNUSED_FUNCTION = YES;
				GCC_WARN_UNUSED_VARIABLE = YES;
				IPHONEOS_DEPLOYMENT_TARGET = 17.0;
				LOCALIZATION_PREFERS_STRING_CATALOGS = YES;
				MTL_ENABLE_DEBUG_INFO = INCLUDE_SOURCE;
				MTL_FAST_MATH = YES;
				ONLY_ACTIVE_ARCH = YES;
				SDKROOT = iphoneos;
				SWIFT_ACTIVE_COMPILATION_CONDITIONS = "DEBUG $(inherited)";
				SWIFT_OPTIMIZATION_LEVEL = "-Onone";
			};
			name = Debug;
		};
		E81821162B45B8270022368D /* Release */ = {
			isa = XCBuildConfiguration;
			buildSettings = {
				ALWAYS_SEARCH_USER_PATHS = NO;
				ASSETCATALOG_COMPILER_GENERATE_SWIFT_ASSET_SYMBOL_EXTENSIONS = YES;
				CLANG_ANALYZER_NONNULL = YES;
				CLANG_ANALYZER_NUMBER_OBJECT_CONVERSION = YES_AGGRESSIVE;
				CLANG_CXX_LANGUAGE_STANDARD = "gnu++20";
				CLANG_ENABLE_MODULES = YES;
				CLANG_ENABLE_OBJC_ARC = YES;
				CLANG_ENABLE_OBJC_WEAK = YES;
				CLANG_WARN_BLOCK_CAPTURE_AUTORELEASING = YES;
				CLANG_WARN_BOOL_CONVERSION = YES;
				CLANG_WARN_COMMA = YES;
				CLANG_WARN_CONSTANT_CONVERSION = YES;
				CLANG_WARN_DEPRECATED_OBJC_IMPLEMENTATIONS = YES;
				CLANG_WARN_DIRECT_OBJC_ISA_USAGE = YES_ERROR;
				CLANG_WARN_DOCUMENTATION_COMMENTS = YES;
				CLANG_WARN_EMPTY_BODY = YES;
				CLANG_WARN_ENUM_CONVERSION = YES;
				CLANG_WARN_INFINITE_RECURSION = YES;
				CLANG_WARN_INT_CONVERSION = YES;
				CLANG_WARN_NON_LITERAL_NULL_CONVERSION = YES;
				CLANG_WARN_OBJC_IMPLICIT_RETAIN_SELF = YES;
				CLANG_WARN_OBJC_LITERAL_CONVERSION = YES;
				CLANG_WARN_OBJC_ROOT_CLASS = YES_ERROR;
				CLANG_WARN_QUOTED_INCLUDE_IN_FRAMEWORK_HEADER = YES;
				CLANG_WARN_RANGE_LOOP_ANALYSIS = YES;
				CLANG_WARN_STRICT_PROTOTYPES = YES;
				CLANG_WARN_SUSPICIOUS_MOVE = YES;
				CLANG_WARN_UNGUARDED_AVAILABILITY = YES_AGGRESSIVE;
				CLANG_WARN_UNREACHABLE_CODE = YES;
				CLANG_WARN__DUPLICATE_METHOD_MATCH = YES;
				COPY_PHASE_STRIP = NO;
				DEBUG_INFORMATION_FORMAT = "dwarf-with-dsym";
				ENABLE_NS_ASSERTIONS = NO;
				ENABLE_STRICT_OBJC_MSGSEND = YES;
				ENABLE_USER_SCRIPT_SANDBOXING = YES;
				GCC_C_LANGUAGE_STANDARD = gnu17;
				GCC_NO_COMMON_BLOCKS = YES;
				GCC_WARN_64_TO_32_BIT_CONVERSION = YES;
				GCC_WARN_ABOUT_RETURN_TYPE = YES_ERROR;
				GCC_WARN_UNDECLARED_SELECTOR = YES;
				GCC_WARN_UNINITIALIZED_AUTOS = YES_AGGRESSIVE;
				GCC_WARN_UNUSED_FUNCTION = YES;
				GCC_WARN_UNUSED_VARIABLE = YES;
				IPHONEOS_DEPLOYMENT_TARGET = 17.0;
				LOCALIZATION_PREFERS_STRING_CATALOGS = YES;
				MTL_ENABLE_DEBUG_INFO = NO;
				MTL_FAST_MATH = YES;
				SDKROOT = iphoneos;
				SWIFT_COMPILATION_MODE = wholemodule;
				VALIDATE_PRODUCT = YES;
			};
			name = Release;
		};
		E81821182B45B8270022368D /* Debug */ = {
			isa = XCBuildConfiguration;
			buildSettings = {
				ALWAYS_EMBED_SWIFT_STANDARD_LIBRARIES = YES;
				ASSETCATALOG_COMPILER_APPICON_NAME = AppIcon;
				ASSETCATALOG_COMPILER_GLOBAL_ACCENT_COLOR_NAME = AccentColor;
				CODE_SIGN_STYLE = Automatic;
				CURRENT_PROJECT_VERSION = 1;
				DEVELOPMENT_TEAM = K7Y7L52Z4E;
				GENERATE_INFOPLIST_FILE = YES;
				INFOPLIST_FILE = Timer/Info.plist;
				INFOPLIST_KEY_NSSupportsLiveActivities = YES;
				INFOPLIST_KEY_UIApplicationSupportsIndirectInputEvents = YES;
				INFOPLIST_KEY_UILaunchStoryboardName = LaunchScreen;
				INFOPLIST_KEY_UIMainStoryboardFile = Main;
				INFOPLIST_KEY_UISupportedInterfaceOrientations_iPad = "UIInterfaceOrientationPortrait UIInterfaceOrientationPortraitUpsideDown UIInterfaceOrientationLandscapeLeft UIInterfaceOrientationLandscapeRight";
				INFOPLIST_KEY_UISupportedInterfaceOrientations_iPhone = "UIInterfaceOrientationPortrait UIInterfaceOrientationLandscapeLeft UIInterfaceOrientationLandscapeRight";
				IPHONEOS_DEPLOYMENT_TARGET = 16.2;
				LD_RUNPATH_SEARCH_PATHS = (
					"$(inherited)",
					"@executable_path/Frameworks",
				);
				MARKETING_VERSION = 1.0;
				PRODUCT_BUNDLE_IDENTIFIER = com.page.timer.Timer;
				PRODUCT_NAME = "$(TARGET_NAME)";
				SWIFT_EMIT_LOC_STRINGS = YES;
				SWIFT_VERSION = 5.0;
				TARGETED_DEVICE_FAMILY = "1,2";
			};
			name = Debug;
		};
		E81821192B45B8270022368D /* Release */ = {
			isa = XCBuildConfiguration;
			buildSettings = {
				ALWAYS_EMBED_SWIFT_STANDARD_LIBRARIES = YES;
				ASSETCATALOG_COMPILER_APPICON_NAME = AppIcon;
				ASSETCATALOG_COMPILER_GLOBAL_ACCENT_COLOR_NAME = AccentColor;
				CODE_SIGN_STYLE = Automatic;
				CURRENT_PROJECT_VERSION = 1;
				DEVELOPMENT_TEAM = K7Y7L52Z4E;
				GENERATE_INFOPLIST_FILE = YES;
				INFOPLIST_FILE = Timer/Info.plist;
				INFOPLIST_KEY_NSSupportsLiveActivities = YES;
				INFOPLIST_KEY_UIApplicationSupportsIndirectInputEvents = YES;
				INFOPLIST_KEY_UILaunchStoryboardName = LaunchScreen;
				INFOPLIST_KEY_UIMainStoryboardFile = Main;
				INFOPLIST_KEY_UISupportedInterfaceOrientations_iPad = "UIInterfaceOrientationPortrait UIInterfaceOrientationPortraitUpsideDown UIInterfaceOrientationLandscapeLeft UIInterfaceOrientationLandscapeRight";
				INFOPLIST_KEY_UISupportedInterfaceOrientations_iPhone = "UIInterfaceOrientationPortrait UIInterfaceOrientationLandscapeLeft UIInterfaceOrientationLandscapeRight";
				IPHONEOS_DEPLOYMENT_TARGET = 16.2;
				LD_RUNPATH_SEARCH_PATHS = (
					"$(inherited)",
					"@executable_path/Frameworks",
				);
				MARKETING_VERSION = 1.0;
				PRODUCT_BUNDLE_IDENTIFIER = com.page.timer.Timer;
				PRODUCT_NAME = "$(TARGET_NAME)";
				SWIFT_EMIT_LOC_STRINGS = YES;
				SWIFT_VERSION = 5.0;
				TARGETED_DEVICE_FAMILY = "1,2";
			};
			name = Release;
		};
		E81821382B45B89B0022368D /* Debug */ = {
			isa = XCBuildConfiguration;
			buildSettings = {
				ASSETCATALOG_COMPILER_GLOBAL_ACCENT_COLOR_NAME = AccentColor;
				ASSETCATALOG_COMPILER_WIDGET_BACKGROUND_COLOR_NAME = WidgetBackground;
				CODE_SIGN_STYLE = Automatic;
				CURRENT_PROJECT_VERSION = 1;
				DEVELOPMENT_TEAM = K7Y7L52Z4E;
				GENERATE_INFOPLIST_FILE = YES;
				INFOPLIST_FILE = MTLiveWidget/Info.plist;
				INFOPLIST_KEY_CFBundleDisplayName = MTLiveWidget;
				INFOPLIST_KEY_NSHumanReadableCopyright = "";
				IPHONEOS_DEPLOYMENT_TARGET = 16.2;
				LD_RUNPATH_SEARCH_PATHS = (
					"$(inherited)",
					"@executable_path/Frameworks",
					"@executable_path/../../Frameworks",
				);
				MARKETING_VERSION = 1.0;
				PRODUCT_BUNDLE_IDENTIFIER = com.page.timer.Timer.MTLiveWidget;
				PRODUCT_NAME = "$(TARGET_NAME)";
				SKIP_INSTALL = YES;
				SWIFT_EMIT_LOC_STRINGS = YES;
				SWIFT_VERSION = 5.0;
				TARGETED_DEVICE_FAMILY = "1,2";
			};
			name = Debug;
		};
		E81821392B45B89B0022368D /* Release */ = {
			isa = XCBuildConfiguration;
			buildSettings = {
				ASSETCATALOG_COMPILER_GLOBAL_ACCENT_COLOR_NAME = AccentColor;
				ASSETCATALOG_COMPILER_WIDGET_BACKGROUND_COLOR_NAME = WidgetBackground;
				CODE_SIGN_STYLE = Automatic;
				CURRENT_PROJECT_VERSION = 1;
				DEVELOPMENT_TEAM = K7Y7L52Z4E;
				GENERATE_INFOPLIST_FILE = YES;
				INFOPLIST_FILE = MTLiveWidget/Info.plist;
				INFOPLIST_KEY_CFBundleDisplayName = MTLiveWidget;
				INFOPLIST_KEY_NSHumanReadableCopyright = "";
				IPHONEOS_DEPLOYMENT_TARGET = 16.2;
				LD_RUNPATH_SEARCH_PATHS = (
					"$(inherited)",
					"@executable_path/Frameworks",
					"@executable_path/../../Frameworks",
				);
				MARKETING_VERSION = 1.0;
				PRODUCT_BUNDLE_IDENTIFIER = com.page.timer.Timer.MTLiveWidget;
				PRODUCT_NAME = "$(TARGET_NAME)";
				SKIP_INSTALL = YES;
				SWIFT_EMIT_LOC_STRINGS = YES;
				SWIFT_VERSION = 5.0;
				TARGETED_DEVICE_FAMILY = "1,2";
			};
			name = Release;
		};
/* End XCBuildConfiguration section */

/* Begin XCConfigurationList section */
		E81820E82B45B8260022368D /* Build configuration list for PBXProject "Timer" */ = {
			isa = XCConfigurationList;
			buildConfigurations = (
				E81821152B45B8270022368D /* Debug */,
				E81821162B45B8270022368D /* Release */,
			);
			defaultConfigurationIsVisible = 0;
			defaultConfigurationName = Release;
		};
		E81821172B45B8270022368D /* Build configuration list for PBXNativeTarget "Timer" */ = {
			isa = XCConfigurationList;
			buildConfigurations = (
				E81821182B45B8270022368D /* Debug */,
				E81821192B45B8270022368D /* Release */,
			);
			defaultConfigurationIsVisible = 0;
			defaultConfigurationName = Release;
		};
		E81821372B45B89B0022368D /* Build configuration list for PBXNativeTarget "MTLiveWidgetExtension" */ = {
			isa = XCConfigurationList;
			buildConfigurations = (
				E81821382B45B89B0022368D /* Debug */,
				E81821392B45B89B0022368D /* Release */,
			);
			defaultConfigurationIsVisible = 0;
			defaultConfigurationName = Release;
		};
/* End XCConfigurationList section */
	};
	rootObject = E81820E52B45B8260022368D /* Project object */;
}
