PODS:
  - AFNetworking/NSURLSession (3.2.1):
    - AFNetworking/Reachability
    - AFNetworking/Security
    - AFNetworking/Serialization
  - AFNetworking/Reachability (3.2.1)
  - AFNetworking/Security (3.2.1)
  - AFNetworking/Serialization (3.2.1)
  - LEGONetworking (0.3.6):
    - AFNetworking/NSURLSession (= 3.2.1)
    - AFNetworking/Reachability (= 3.2.1)
    - AFNetworking/Security (= 3.2.1)
    - AFNetworking/Serialization (= 3.2.1)
  - LEGOStoreKit (0.1.3)
  - LEGOToast (0.1.8):
    - Masonry
  - Masonry (1.1.0)
  - SnapKit (5.7.1)
  - UMAPM (1.8.6)
  - UMCCommon (7.3.7):
    - UMAPM
    - UMDevice
  - UMCPush (4.0.2):
    - UMCCommon
  - UMDevice (3.3.0)

DEPENDENCIES:
  - AFNetworking/NSURLSession (= 3.2.1)
  - AFNetworking/Reachability (= 3.2.1)
  - AFNetworking/Security (= 3.2.1)
  - AFNetworking/Serialization (= 3.2.1)
  - LEGONetworking
  - LEGOStoreKit (= 0.1.3)
  - LEGOToast
  - SnapKit
  - UMCCommon
  - UMCPush

SPEC REPOS:
  https://github.com/CocoaPods/Specs.git:
    - AFNetworking
    - Masonry
    - SnapKit
    - UMAPM
    - UMCCommon
    - UMCPush
    - UMDevice
  https://github.com/legokit/Specs.git:
    - LEGONetworking
    - LEGOStoreKit
    - LEGOToast

SPEC CHECKSUMS:
  AFNetworking: cb604b1c2bded0871f5f61f5d53653739e841d6b
  LEGONetworking: af8c821f8e0eb5216139d703023c3bd48da2548e
  LEGOStoreKit: 80456d1bafb073310a45b2733adfca38503a9422
  LEGOToast: 29e42bfa790527f4e5f9c576a9078f9cf46a8a6c
  Masonry: 678fab65091a9290e40e2832a55e7ab731aad201
  SnapKit: d612e99e678a2d3b95bf60b0705ed0a35c03484a
  UMAPM: e69eb6542a7c98f31a0d177d31ecfa1a2ceee1c3
  UMCCommon: aac337052f23b0e08c0f3cf021d3bb209f2c49bd
  UMCPush: 3b84dd1698d2f46bcd50f1005cb2e38032475168
  UMDevice: f67106f8f1a8bc465ba20d376d896e178be66ba7

PODFILE CHECKSUM: 7b1e9dccd5dc22c2094d7e2938555a2dfd8e3f9c

COCOAPODS: 1.11.3
